// !$*UTF8*$!
{
	archiveVersion = 1;
	classes = {
	};
	objectVersion = 46;
	objects = {

/* Begin PBXBuildFile section */
		260405C616B197EC00BF5BCE /* sendButtom.png in Resources */ = {isa = PBXBuildFile; fileRef = 260405C416B197EC00BF5BCE /* sendButtom.png */; };
		260405C716B197EC00BF5BCE /* sendButtom@2x.png in Resources */ = {isa = PBXBuildFile; fileRef = 260405C516B197EC00BF5BCE /* sendButtom@2x.png */; };
		263DFB251689346300C02B37 /* UIKit.framework in Frameworks */ = {isa = PBXBuildFile; fileRef = 263DFB241689346300C02B37 /* UIKit.framework */; };
		263DFB271689346300C02B37 /* Foundation.framework in Frameworks */ = {isa = PBXBuildFile; fileRef = 263DFB261689346300C02B37 /* Foundation.framework */; };
		263DFB291689346300C02B37 /* CoreGraphics.framework in Frameworks */ = {isa = PBXBuildFile; fileRef = 263DFB281689346300C02B37 /* CoreGraphics.framework */; };
		590974CD169E9E8E0035A0B7 /* MaUtility.m in Sources */ = {isa = PBXBuildFile; fileRef = 590974CC169E9E8E0035A0B7 /* MaUtility.m */; };
		590974DF169E9FFA0035A0B7 /* css.plist in Resources */ = {isa = PBXBuildFile; fileRef = 590974DE169E9FFA0035A0B7 /* css.plist */; };
		59117931169C18650043858B /* MaTimeLabel.m in Sources */ = {isa = PBXBuildFile; fileRef = 59117930169C18650043858B /* MaTimeLabel.m */; };
		591179DF169C19FA0043858B /* NSDate+MaDate.m in Sources */ = {isa = PBXBuildFile; fileRef = 591179DE169C19FA0043858B /* NSDate+MaDate.m */; };
		59117A1E169C21D20043858B /* Localizable.strings in Resources */ = {isa = PBXBuildFile; fileRef = 59117A20169C21D20043858B /* Localizable.strings */; };
		59117A24169C233F0043858B /* InfoPlist.strings in Resources */ = {isa = PBXBuildFile; fileRef = 59117A26169C233F0043858B /* InfoPlist.strings */; };
		591CC63216B5077300B19197 /* weiboLoginBackground@2x.png in Resources */ = {isa = PBXBuildFile; fileRef = 591CC63116B5077200B19197 /* weiboLoginBackground@2x.png */; };
		592D897D16ADBEBA00137A1B /* camera.png in Resources */ = {isa = PBXBuildFile; fileRef = 592D897B16ADBEB900137A1B /* camera.png */; };
		592D897E16ADBEBA00137A1B /* camera@2x.png in Resources */ = {isa = PBXBuildFile; fileRef = 592D897C16ADBEB900137A1B /* camera@2x.png */; };
		592D899716ADC18700137A1B /* actionButtom.png in Resources */ = {isa = PBXBuildFile; fileRef = 592D899516ADC18700137A1B /* actionButtom.png */; };
		592D899816ADC18700137A1B /* actionButtom@2x.png in Resources */ = {isa = PBXBuildFile; fileRef = 592D899616ADC18700137A1B /* actionButtom@2x.png */; };
		5939107B16A87176002A36F8 /* MaDataSourceManager.m in Sources */ = {isa = PBXBuildFile; fileRef = 5939107A16A87176002A36F8 /* MaDataSourceManager.m */; };
		5939109C16A98E70002A36F8 /* MaDetailViewController.m in Sources */ = {isa = PBXBuildFile; fileRef = 5939109B16A98E70002A36F8 /* MaDetailViewController.m */; };
		593910AA16A9B9E5002A36F8 /* emptyImg.jpg in Resources */ = {isa = PBXBuildFile; fileRef = 593910A916A9B9E5002A36F8 /* emptyImg.jpg */; };
		593F58B616A473980005A82E /* MaScaleImageView.m in Sources */ = {isa = PBXBuildFile; fileRef = 593F58B516A473980005A82E /* MaScaleImageView.m */; };
		597A6E0C16AD24B000C4414B /* MaPostController.m in Sources */ = {isa = PBXBuildFile; fileRef = 597A6E0B16AD24B000C4414B /* MaPostController.m */; };
		597A6E1016AD257300C4414B /* RDActionSheet.m in Sources */ = {isa = PBXBuildFile; fileRef = 597A6E0F16AD257300C4414B /* RDActionSheet.m */; };
		597A6E2116AD257F00C4414B /* SheetBackground.png in Resources */ = {isa = PBXBuildFile; fileRef = 597A6E1116AD257F00C4414B /* SheetBackground.png */; };
		597A6E2216AD257F00C4414B /* SheetBackground@2x.png in Resources */ = {isa = PBXBuildFile; fileRef = 597A6E1216AD257F00C4414B /* SheetBackground@2x.png */; };
		597A6E2316AD257F00C4414B /* SheetButtonDestroy@2x.png in Resources */ = {isa = PBXBuildFile; fileRef = 597A6E1316AD257F00C4414B /* SheetButtonDestroy@2x.png */; };
		597A6E2416AD257F00C4414B /* SheetButtonDestroyTouch@2x.png in Resources */ = {isa = PBXBuildFile; fileRef = 597A6E1416AD257F00C4414B /* SheetButtonDestroyTouch@2x.png */; };
		597A6E2516AD257F00C4414B /* SheetButtonDismiss.png in Resources */ = {isa = PBXBuildFile; fileRef = 597A6E1516AD257F00C4414B /* SheetButtonDismiss.png */; };
		597A6E2616AD257F00C4414B /* SheetButtonDismiss@2x.png in Resources */ = {isa = PBXBuildFile; fileRef = 597A6E1616AD257F00C4414B /* SheetButtonDismiss@2x.png */; };
		597A6E2716AD257F00C4414B /* SheetButtonDismissTouch.png in Resources */ = {isa = PBXBuildFile; fileRef = 597A6E1716AD257F00C4414B /* SheetButtonDismissTouch.png */; };
		597A6E2816AD257F00C4414B /* SheetButtonDismissTouch@2x.png in Resources */ = {isa = PBXBuildFile; fileRef = 597A6E1816AD257F00C4414B /* SheetButtonDismissTouch@2x.png */; };
		597A6E2916AD257F00C4414B /* SheetButtonGeneric.png in Resources */ = {isa = PBXBuildFile; fileRef = 597A6E1916AD257F00C4414B /* SheetButtonGeneric.png */; };
		597A6E2A16AD257F00C4414B /* SheetButtonGeneric@2x.png in Resources */ = {isa = PBXBuildFile; fileRef = 597A6E1A16AD257F00C4414B /* SheetButtonGeneric@2x.png */; };
		597A6E2B16AD257F00C4414B /* SheetButtonGenericTouch.png in Resources */ = {isa = PBXBuildFile; fileRef = 597A6E1B16AD257F00C4414B /* SheetButtonGenericTouch.png */; };
		597A6E2C16AD257F00C4414B /* SheetButtonGenericTouch@2x.png in Resources */ = {isa = PBXBuildFile; fileRef = 597A6E1C16AD257F00C4414B /* SheetButtonGenericTouch@2x.png */; };
		597A6E2D16AD257F00C4414B /* SheetButtonPrimary.png in Resources */ = {isa = PBXBuildFile; fileRef = 597A6E1D16AD257F00C4414B /* SheetButtonPrimary.png */; };
		597A6E2E16AD257F00C4414B /* SheetButtonPrimary@2x.png in Resources */ = {isa = PBXBuildFile; fileRef = 597A6E1E16AD257F00C4414B /* SheetButtonPrimary@2x.png */; };
		597A6E2F16AD257F00C4414B /* SheetButtonPrimaryTouch.png in Resources */ = {isa = PBXBuildFile; fileRef = 597A6E1F16AD257F00C4414B /* SheetButtonPrimaryTouch.png */; };
		597A6E3016AD257F00C4414B /* SheetButtonPrimaryTouch@2x.png in Resources */ = {isa = PBXBuildFile; fileRef = 597A6E2016AD257F00C4414B /* SheetButtonPrimaryTouch@2x.png */; };
		597A6E3816AD260A00C4414B /* UIImage+Alpha.m in Sources */ = {isa = PBXBuildFile; fileRef = 597A6E3316AD260A00C4414B /* UIImage+Alpha.m */; };
		597A6E3916AD260A00C4414B /* UIImage+Resize.m in Sources */ = {isa = PBXBuildFile; fileRef = 597A6E3516AD260A00C4414B /* UIImage+Resize.m */; };
		597A6E3A16AD260A00C4414B /* UIImage+RoundedCorner.m in Sources */ = {isa = PBXBuildFile; fileRef = 597A6E3716AD260A00C4414B /* UIImage+RoundedCorner.m */; };
		597A6E3C16AD315000C4414B /* listCellbackground@2x.png in Resources */ = {isa = PBXBuildFile; fileRef = 597A6E3B16AD315000C4414B /* listCellbackground@2x.png */; };
		597E021916AE7FF0003785C9 /* NoticeView.bundle in Resources */ = {isa = PBXBuildFile; fileRef = 597E020716AE7FF0003785C9 /* NoticeView.bundle */; };
		597E021A16AE7FF0003785C9 /* UILabel+WBExtensions.m in Sources */ = {isa = PBXBuildFile; fileRef = 597E020916AE7FF0003785C9 /* UILabel+WBExtensions.m */; };
		597E021B16AE7FF0003785C9 /* WBBlueGradientView.m in Sources */ = {isa = PBXBuildFile; fileRef = 597E020B16AE7FF0003785C9 /* WBBlueGradientView.m */; };
		597E021C16AE7FF0003785C9 /* WBErrorNoticeView.m in Sources */ = {isa = PBXBuildFile; fileRef = 597E020D16AE7FF0003785C9 /* WBErrorNoticeView.m */; };
		597E021D16AE7FF0003785C9 /* WBGrayGradientView.m in Sources */ = {isa = PBXBuildFile; fileRef = 597E020F16AE7FF0003785C9 /* WBGrayGradientView.m */; };
		597E021E16AE7FF0003785C9 /* WBNoticeView.m in Sources */ = {isa = PBXBuildFile; fileRef = 597E021116AE7FF0003785C9 /* WBNoticeView.m */; };
		597E021F16AE7FF0003785C9 /* WBRedGradientView.m in Sources */ = {isa = PBXBuildFile; fileRef = 597E021416AE7FF0003785C9 /* WBRedGradientView.m */; };
		597E022016AE7FF0003785C9 /* WBStickyNoticeView.m in Sources */ = {isa = PBXBuildFile; fileRef = 597E021616AE7FF0003785C9 /* WBStickyNoticeView.m */; };
		597E022116AE7FF0003785C9 /* WBSuccessNoticeView.m in Sources */ = {isa = PBXBuildFile; fileRef = 597E021816AE7FF0003785C9 /* WBSuccessNoticeView.m */; };
		597E024B16AEA33D003785C9 /* weibo.jpg in Resources */ = {isa = PBXBuildFile; fileRef = 597E024416AEA33D003785C9 /* weibo.jpg */; };
		597E024D16AEA33D003785C9 /* food.jpg in Resources */ = {isa = PBXBuildFile; fileRef = 597E024616AEA33D003785C9 /* food.jpg */; };
		597E024E16AEA33D003785C9 /* cafe.jpg in Resources */ = {isa = PBXBuildFile; fileRef = 597E024716AEA33D003785C9 /* cafe.jpg */; };
		597E024F16AEA33D003785C9 /* activities.jpg in Resources */ = {isa = PBXBuildFile; fileRef = 597E024816AEA33D003785C9 /* activities.jpg */; };
		597E025016AEA33D003785C9 /* about.jpg in Resources */ = {isa = PBXBuildFile; fileRef = 597E024916AEA33D003785C9 /* about.jpg */; };
		597E025116AEA33D003785C9 /* tea.jpg in Resources */ = {isa = PBXBuildFile; fileRef = 597E024A16AEA33D003785C9 /* tea.jpg */; };
		597E025416AEA37D003785C9 /* new.jpg in Resources */ = {isa = PBXBuildFile; fileRef = 597E025316AEA37D003785C9 /* new.jpg */; };
		598017CF16B12D9D00AD3D1C /* MaAboutViewController.m in Sources */ = {isa = PBXBuildFile; fileRef = 598017CE16B12D9D00AD3D1C /* MaAboutViewController.m */; };
		598017D116B1366400AD3D1C /* cafeAbout.jpg in Resources */ = {isa = PBXBuildFile; fileRef = 598017D016B1366400AD3D1C /* cafeAbout.jpg */; };
		599A174816B9749F0084A562 /* emptyImg@2x.jpg in Resources */ = {isa = PBXBuildFile; fileRef = 599A174716B9749F0084A562 /* emptyImg@2x.jpg */; };
		599A174A16B974DE0084A562 /* artFrameLight.png in Resources */ = {isa = PBXBuildFile; fileRef = 599A174916B974DE0084A562 /* artFrameLight.png */; };
		599A174C16B9754D0084A562 /* wall.png in Resources */ = {isa = PBXBuildFile; fileRef = 599A174B16B9754C0084A562 /* wall.png */; };
		599A174E16B9758F0084A562 /* listCellbackground.png in Resources */ = {isa = PBXBuildFile; fileRef = 599A174D16B9758F0084A562 /* listCellbackground.png */; };
		599A175016B975D30084A562 /* weiboLoginButtom.png in Resources */ = {isa = PBXBuildFile; fileRef = 599A174F16B975D30084A562 /* weiboLoginButtom.png */; };
		599A175B16B976720084A562 /* about@2x.png in Resources */ = {isa = PBXBuildFile; fileRef = 599A175116B976720084A562 /* about@2x.png */; };
		599A175C16B976720084A562 /* activities@2x.png in Resources */ = {isa = PBXBuildFile; fileRef = 599A175216B976720084A562 /* activities@2x.png */; };
		599A175D16B976720084A562 /* cafe@2x.png in Resources */ = {isa = PBXBuildFile; fileRef = 599A175316B976720084A562 /* cafe@2x.png */; };
		599A175E16B976720084A562 /* food@2x.png in Resources */ = {isa = PBXBuildFile; fileRef = 599A175416B976720084A562 /* food@2x.png */; };
		599A175F16B976720084A562 /* navBar@2x.png in Resources */ = {isa = PBXBuildFile; fileRef = 599A175516B976720084A562 /* navBar@2x.png */; };
		599A176016B976720084A562 /* new@2x.png in Resources */ = {isa = PBXBuildFile; fileRef = 599A175616B976720084A562 /* new@2x.png */; };
		599A176116B976720084A562 /* share@2x.png in Resources */ = {isa = PBXBuildFile; fileRef = 599A175716B976720084A562 /* share@2x.png */; };
		599A176216B976720084A562 /* tea@2x.png in Resources */ = {isa = PBXBuildFile; fileRef = 599A175816B976720084A562 /* tea@2x.png */; };
		599A176316B976720084A562 /* toobarBackground@2x.png in Resources */ = {isa = PBXBuildFile; fileRef = 599A175916B976720084A562 /* toobarBackground@2x.png */; };
		599A176416B976720084A562 /* weibo@2x.png in Resources */ = {isa = PBXBuildFile; fileRef = 599A175A16B976720084A562 /* weibo@2x.png */; };
		599A176716B97C820084A562 /* maps.jpg in Resources */ = {isa = PBXBuildFile; fileRef = 599A176516B97C810084A562 /* maps.jpg */; };
		599A176816B97C820084A562 /* maps@2x.jpg in Resources */ = {isa = PBXBuildFile; fileRef = 599A176616B97C810084A562 /* maps@2x.jpg */; };
		599A177D16B980E70084A562 /* weiboLoginBackground.png in Resources */ = {isa = PBXBuildFile; fileRef = 599A177C16B980E70084A562 /* weiboLoginBackground.png */; };
		599A178116B983F80084A562 /* weiboLoginBackground-568h@2x.png in Resources */ = {isa = PBXBuildFile; fileRef = 599A178016B983F80084A562 /* weiboLoginBackground-568h@2x.png */; };
		599A179E16B9862A0084A562 /* Default-568h@2x.png in Resources */ = {isa = PBXBuildFile; fileRef = 599A179B16B9862A0084A562 /* Default-568h@2x.png */; };
		599A179F16B9862A0084A562 /* Default.png in Resources */ = {isa = PBXBuildFile; fileRef = 599A179C16B9862A0084A562 /* Default.png */; };
		599A17A016B9862A0084A562 /* Default@2x.png in Resources */ = {isa = PBXBuildFile; fileRef = 599A179D16B9862A0084A562 /* Default@2x.png */; };
		599A17A216B987360084A562 /* icon114.png in Resources */ = {isa = PBXBuildFile; fileRef = 599A17A116B987360084A562 /* icon114.png */; };
		599A17A416B9873A0084A562 /* icon57.png in Resources */ = {isa = PBXBuildFile; fileRef = 599A17A316B9873A0084A562 /* icon57.png */; };
		599E13D016AFBEC100866BF1 /* BBCyclingLabel.m in Sources */ = {isa = PBXBuildFile; fileRef = 599E13CF16AFBEC100866BF1 /* BBCyclingLabel.m */; };
		599E13D216AFCC5600866BF1 /* artFrameLight@2x.png in Resources */ = {isa = PBXBuildFile; fileRef = 599E13D116AFCC5600866BF1 /* artFrameLight@2x.png */; };
		599F39F9168EF4BC006397CB /* MaRootViewController.m in Sources */ = {isa = PBXBuildFile; fileRef = 599F39F8168EF4BC006397CB /* MaRootViewController.m */; };
		599F3A04169006A3006397CB /* UIBarButtonItem+StyledButton.m in Sources */ = {isa = PBXBuildFile; fileRef = 599F3A03169006A3006397CB /* UIBarButtonItem+StyledButton.m */; };
		599F3A081690071D006397CB /* backButtom.png in Resources */ = {isa = PBXBuildFile; fileRef = 599F3A061690071D006397CB /* backButtom.png */; };
		599F3A091690071D006397CB /* backButtom@2x.png in Resources */ = {isa = PBXBuildFile; fileRef = 599F3A071690071D006397CB /* backButtom@2x.png */; };
		599F3A0C16900CBF006397CB /* rootbackground.png in Resources */ = {isa = PBXBuildFile; fileRef = 599F3A0A16900CBF006397CB /* rootbackground.png */; };
		599F3A0D16900CBF006397CB /* rootbackground@2x.png in Resources */ = {isa = PBXBuildFile; fileRef = 599F3A0B16900CBF006397CB /* rootbackground@2x.png */; };
		59A7B21216AD45F200274869 /* weiboLoginButtom@2x.png in Resources */ = {isa = PBXBuildFile; fileRef = 59A7B21116AD45F200274869 /* weiboLoginButtom@2x.png */; };
		59A7B21716AD54DE00274869 /* composeButtom.png in Resources */ = {isa = PBXBuildFile; fileRef = 59A7B21516AD54DE00274869 /* composeButtom.png */; };
		59A7B21816AD54DE00274869 /* composeButtom@2x.png in Resources */ = {isa = PBXBuildFile; fileRef = 59A7B21616AD54DE00274869 /* composeButtom@2x.png */; };
		59A7B22F16AD5BF100274869 /* closeButtom.png in Resources */ = {isa = PBXBuildFile; fileRef = 59A7B22D16AD5BF100274869 /* closeButtom.png */; };
		59A7B23016AD5BF100274869 /* closeButtom@2x.png in Resources */ = {isa = PBXBuildFile; fileRef = 59A7B22E16AD5BF100274869 /* closeButtom@2x.png */; };
		59AC4A9C169A83460034919E /* CoreText.framework in Frameworks */ = {isa = PBXBuildFile; fileRef = 59AC4A9B169A83460034919E /* CoreText.framework */; };
		59AC4AA0169A8E470034919E /* libxml2.dylib in Frameworks */ = {isa = PBXBuildFile; fileRef = 59AC4A9F169A8E470034919E /* libxml2.dylib */; };
		59AC4AA2169A8FB20034919E /* ImageIO.framework in Frameworks */ = {isa = PBXBuildFile; fileRef = 59AC4AA1169A8FB20034919E /* ImageIO.framework */; };
		59AC4AA4169A8FD80034919E /* MobileCoreServices.framework in Frameworks */ = {isa = PBXBuildFile; fileRef = 59AC4AA3169A8FD80034919E /* MobileCoreServices.framework */; };
		59AC4B2E169B42430034919E /* MoreCafeAppDelegate.m in Sources */ = {isa = PBXBuildFile; fileRef = 59AC4B2D169B42430034919E /* MoreCafeAppDelegate.m */; };
		59AC4B38169B5E540034919E /* Accounts.framework in Frameworks */ = {isa = PBXBuildFile; fileRef = 59AC4B37169B5E540034919E /* Accounts.framework */; };
		59AE4CEF16996D2D007D7C99 /* main.m in Sources */ = {isa = PBXBuildFile; fileRef = 59AE4CEE16996D2D007D7C99 /* main.m */; };
		59AE4CF616996D9F007D7C99 /* JSONKit.m in Sources */ = {isa = PBXBuildFile; fileRef = 59AE4CF516996D9F007D7C99 /* JSONKit.m */; settings = {COMPILER_FLAGS = "-fno-objc-arc"; }; };
		59AE4CFF16996DAF007D7C99 /* SinaWeibo.bundle in Resources */ = {isa = PBXBuildFile; fileRef = 59AE4CF716996DAF007D7C99 /* SinaWeibo.bundle */; };
		59AE4D0016996DAF007D7C99 /* SinaWeibo.m in Sources */ = {isa = PBXBuildFile; fileRef = 59AE4CF916996DAF007D7C99 /* SinaWeibo.m */; settings = {COMPILER_FLAGS = "-fno-objc-arc"; }; };
		59AE4D0116996DAF007D7C99 /* SinaWeiboAuthorizeView.m in Sources */ = {isa = PBXBuildFile; fileRef = 59AE4CFB16996DAF007D7C99 /* SinaWeiboAuthorizeView.m */; settings = {COMPILER_FLAGS = "-fno-objc-arc"; }; };
		59AE4D0216996DAF007D7C99 /* SinaWeiboRequest.m in Sources */ = {isa = PBXBuildFile; fileRef = 59AE4CFE16996DAF007D7C99 /* SinaWeiboRequest.m */; settings = {COMPILER_FLAGS = "-fno-objc-arc"; }; };
		59AE4D13169976E3007D7C99 /* dataFile.plist in Resources */ = {isa = PBXBuildFile; fileRef = 59AE4D12169976E3007D7C99 /* dataFile.plist */; };
		59CC08DB16AEACCB0013F460 /* proverb.plist in Resources */ = {isa = PBXBuildFile; fileRef = 59CC08DA16AEACCB0013F460 /* proverb.plist */; };
		59F24A9E1699DA310068035E /* MaWeiboViewController.m in Sources */ = {isa = PBXBuildFile; fileRef = 59F24A9D1699DA310068035E /* MaWeiboViewController.m */; };
		59F24AA21699DBB60068035E /* AsyncImageView.m in Sources */ = {isa = PBXBuildFile; fileRef = 59F24AA11699DBB60068035E /* AsyncImageView.m */; };
		59F24AA51699DBC20068035E /* EGORefreshTableHeaderView.m in Sources */ = {isa = PBXBuildFile; fileRef = 59F24AA41699DBC20068035E /* EGORefreshTableHeaderView.m */; settings = {COMPILER_FLAGS = "-fno-objc-arc"; }; };
		59F24AA71699DC090068035E /* QuartzCore.framework in Frameworks */ = {isa = PBXBuildFile; fileRef = 59F24AA61699DC090068035E /* QuartzCore.framework */; };
		59F24AB91699E1560068035E /* grayArrow.png in Resources */ = {isa = PBXBuildFile; fileRef = 59F24AB11699E1560068035E /* grayArrow.png */; };
		59F24ABA1699E1560068035E /* grayArrow@2x.png in Resources */ = {isa = PBXBuildFile; fileRef = 59F24AB21699E1560068035E /* grayArrow@2x.png */; };
		59F24AD7169A01DC0068035E /* MaWeiboCell.m in Sources */ = {isa = PBXBuildFile; fileRef = 59F24AD6169A01DC0068035E /* MaWeiboCell.m */; };
		59F24B03169A02D90068035E /* libDTCoreText.a in Frameworks */ = {isa = PBXBuildFile; fileRef = 59F24AF1169A028B0068035E /* libDTCoreText.a */; };
		59FC12A216A66B86006C5224 /* MaListViewController.m in Sources */ = {isa = PBXBuildFile; fileRef = 59FC12A116A66B86006C5224 /* MaListViewController.m */; };
		59FC12A516A66C15006C5224 /* MaListCell.m in Sources */ = {isa = PBXBuildFile; fileRef = 59FC12A416A66C15006C5224 /* MaListCell.m */; };
		59FC12A916A68C41006C5224 /* wall@2x.png in Resources */ = {isa = PBXBuildFile; fileRef = 59FC12A816A68C40006C5224 /* wall@2x.png */; };
		59FD6B0816BA4DE9008C0A5A /* products in Resources */ = {isa = PBXBuildFile; fileRef = 59FD6B0716BA4DE9008C0A5A /* products */; };
		59FD6B0A16BA6CDF008C0A5A /* bottomStyle@2x.png in Resources */ = {isa = PBXBuildFile; fileRef = 59FD6B0916BA6CDF008C0A5A /* bottomStyle@2x.png */; };
/* End PBXBuildFile section */

/* Begin PBXContainerItemProxy section */
		59F24AEC169A028B0068035E /* PBXContainerItemProxy */ = {
			isa = PBXContainerItemProxy;
			containerPortal = 59F24AD8169A028B0068035E /* DTCoreText.xcodeproj */;
			proxyType = 2;
			remoteGlobalIDString = 1D6058910D05DD3D006BFB54;
			remoteInfo = DemoApp;
		};
		59F24AEE169A028B0068035E /* PBXContainerItemProxy */ = {
			isa = PBXContainerItemProxy;
			containerPortal = 59F24AD8169A028B0068035E /* DTCoreText.xcodeproj */;
			proxyType = 2;
			remoteGlobalIDString = A70F119B14863198009202BF;
			remoteInfo = "Static Framework";
		};
		59F24AF0169A028B0068035E /* PBXContainerItemProxy */ = {
			isa = PBXContainerItemProxy;
			containerPortal = 59F24AD8169A028B0068035E /* DTCoreText.xcodeproj */;
			proxyType = 2;
			remoteGlobalIDString = A70F11DE148632CD009202BF;
			remoteInfo = "Static Library";
		};
		59F24AF2169A028B0068035E /* PBXContainerItemProxy */ = {
			isa = PBXContainerItemProxy;
			containerPortal = 59F24AD8169A028B0068035E /* DTCoreText.xcodeproj */;
			proxyType = 2;
			remoteGlobalIDString = A788CA681486456100E1AFD9;
			remoteInfo = UnitTest;
		};
		59F24AF4169A028B0068035E /* PBXContainerItemProxy */ = {
			isa = PBXContainerItemProxy;
			containerPortal = 59F24AD8169A028B0068035E /* DTCoreText.xcodeproj */;
			proxyType = 2;
			remoteGlobalIDString = A7949A5814CC456000A8CCDE;
			remoteInfo = MacUnitTest;
		};
		59F24AF6169A028B0068035E /* PBXContainerItemProxy */ = {
			isa = PBXContainerItemProxy;
			containerPortal = 59F24AD8169A028B0068035E /* DTCoreText.xcodeproj */;
			proxyType = 2;
			remoteGlobalIDString = A7F7EFCD1573603100F5A4D0;
			remoteInfo = "Static Library (no DTFoundation)";
		};
		59F24AF8169A028B0068035E /* PBXContainerItemProxy */ = {
			isa = PBXContainerItemProxy;
			containerPortal = 59F24AD8169A028B0068035E /* DTCoreText.xcodeproj */;
			proxyType = 2;
			remoteGlobalIDString = E2262DC61638331500BFDAD7;
			remoteInfo = "Mac Framework";
		};
		59F24B01169A02C50068035E /* PBXContainerItemProxy */ = {
			isa = PBXContainerItemProxy;
			containerPortal = 59F24AD8169A028B0068035E /* DTCoreText.xcodeproj */;
			proxyType = 1;
			remoteGlobalIDString = A70F11DD148632CD009202BF;
			remoteInfo = "Static Library";
		};
/* End PBXContainerItemProxy section */

/* Begin PBXFileReference section */
		260405C416B197EC00BF5BCE /* sendButtom.png */ = {isa = PBXFileReference; lastKnownFileType = image.png; name = sendButtom.png; path = Resources/sendButtom.png; sourceTree = "<group>"; };
		260405C516B197EC00BF5BCE /* sendButtom@2x.png */ = {isa = PBXFileReference; lastKnownFileType = image.png; name = "sendButtom@2x.png"; path = "Resources/sendButtom@2x.png"; sourceTree = "<group>"; };
		263DFB201689346300C02B37 /* MoreCafe.app */ = {isa = PBXFileReference; explicitFileType = wrapper.application; includeInIndex = 0; path = MoreCafe.app; sourceTree = BUILT_PRODUCTS_DIR; };
		263DFB241689346300C02B37 /* UIKit.framework */ = {isa = PBXFileReference; lastKnownFileType = wrapper.framework; name = UIKit.framework; path = System/Library/Frameworks/UIKit.framework; sourceTree = SDKROOT; };
		263DFB261689346300C02B37 /* Foundation.framework */ = {isa = PBXFileReference; lastKnownFileType = wrapper.framework; name = Foundation.framework; path = System/Library/Frameworks/Foundation.framework; sourceTree = SDKROOT; };
		263DFB281689346300C02B37 /* CoreGraphics.framework */ = {isa = PBXFileReference; lastKnownFileType = wrapper.framework; name = CoreGraphics.framework; path = System/Library/Frameworks/CoreGraphics.framework; sourceTree = SDKROOT; };
		263DFB2C1689346300C02B37 /* MoreCafe-Info.plist */ = {isa = PBXFileReference; lastKnownFileType = text.plist.xml; path = "MoreCafe-Info.plist"; sourceTree = "<group>"; };
		263DFB321689346300C02B37 /* MoreCafe-Prefix.pch */ = {isa = PBXFileReference; lastKnownFileType = sourcecode.c.h; path = "MoreCafe-Prefix.pch"; sourceTree = "<group>"; };
		590974CB169E9E8E0035A0B7 /* MaUtility.h */ = {isa = PBXFileReference; fileEncoding = 4; lastKnownFileType = sourcecode.c.h; name = MaUtility.h; path = src/MaUtility.h; sourceTree = "<group>"; };
		590974CC169E9E8E0035A0B7 /* MaUtility.m */ = {isa = PBXFileReference; fileEncoding = 4; lastKnownFileType = sourcecode.c.objc; name = MaUtility.m; path = src/MaUtility.m; sourceTree = "<group>"; };
		590974DE169E9FFA0035A0B7 /* css.plist */ = {isa = PBXFileReference; fileEncoding = 4; lastKnownFileType = text.plist.xml; name = css.plist; path = Resources/css.plist; sourceTree = "<group>"; };
		5911792F169C18650043858B /* MaTimeLabel.h */ = {isa = PBXFileReference; fileEncoding = 4; lastKnownFileType = sourcecode.c.h; name = MaTimeLabel.h; path = src/MaTimeLabel.h; sourceTree = "<group>"; };
		59117930169C18650043858B /* MaTimeLabel.m */ = {isa = PBXFileReference; fileEncoding = 4; lastKnownFileType = sourcecode.c.objc; name = MaTimeLabel.m; path = src/MaTimeLabel.m; sourceTree = "<group>"; };
		591179DD169C19FA0043858B /* NSDate+MaDate.h */ = {isa = PBXFileReference; fileEncoding = 4; lastKnownFileType = sourcecode.c.h; name = "NSDate+MaDate.h"; path = "src/NSDate+MaDate.h"; sourceTree = "<group>"; };
		591179DE169C19FA0043858B /* NSDate+MaDate.m */ = {isa = PBXFileReference; fileEncoding = 4; lastKnownFileType = sourcecode.c.objc; name = "NSDate+MaDate.m"; path = "src/NSDate+MaDate.m"; sourceTree = "<group>"; };
		59117A1F169C21D20043858B /* en */ = {isa = PBXFileReference; lastKnownFileType = text.plist.strings; name = en; path = en.lproj/Localizable.strings; sourceTree = "<group>"; };
		59117A21169C21D50043858B /* zh-Hans */ = {isa = PBXFileReference; lastKnownFileType = text.plist.strings; name = "zh-Hans"; path = "zh-Hans.lproj/Localizable.strings"; sourceTree = "<group>"; };
		59117A25169C233F0043858B /* en */ = {isa = PBXFileReference; lastKnownFileType = text.plist.strings; name = en; path = en.lproj/InfoPlist.strings; sourceTree = "<group>"; };
		59117A27169C23450043858B /* zh-Hans */ = {isa = PBXFileReference; lastKnownFileType = text.plist.strings; name = "zh-Hans"; path = "zh-Hans.lproj/InfoPlist.strings"; sourceTree = "<group>"; };
		591CC63116B5077200B19197 /* weiboLoginBackground@2x.png */ = {isa = PBXFileReference; lastKnownFileType = image.png; name = "weiboLoginBackground@2x.png"; path = "Resources/weiboLoginBackground@2x.png"; sourceTree = "<group>"; };
		592D897B16ADBEB900137A1B /* camera.png */ = {isa = PBXFileReference; lastKnownFileType = image.png; name = camera.png; path = Resources/camera.png; sourceTree = "<group>"; };
		592D897C16ADBEB900137A1B /* camera@2x.png */ = {isa = PBXFileReference; lastKnownFileType = image.png; name = "camera@2x.png"; path = "Resources/camera@2x.png"; sourceTree = "<group>"; };
		592D899516ADC18700137A1B /* actionButtom.png */ = {isa = PBXFileReference; lastKnownFileType = image.png; name = actionButtom.png; path = Resources/actionButtom.png; sourceTree = "<group>"; };
		592D899616ADC18700137A1B /* actionButtom@2x.png */ = {isa = PBXFileReference; lastKnownFileType = image.png; name = "actionButtom@2x.png"; path = "Resources/actionButtom@2x.png"; sourceTree = "<group>"; };
		5939107916A87176002A36F8 /* MaDataSourceManager.h */ = {isa = PBXFileReference; fileEncoding = 4; lastKnownFileType = sourcecode.c.h; name = MaDataSourceManager.h; path = src/MaDataSourceManager.h; sourceTree = "<group>"; };
		5939107A16A87176002A36F8 /* MaDataSourceManager.m */ = {isa = PBXFileReference; fileEncoding = 4; lastKnownFileType = sourcecode.c.objc; name = MaDataSourceManager.m; path = src/MaDataSourceManager.m; sourceTree = "<group>"; };
		5939109A16A98E70002A36F8 /* MaDetailViewController.h */ = {isa = PBXFileReference; fileEncoding = 4; lastKnownFileType = sourcecode.c.h; name = MaDetailViewController.h; path = src/MaDetailViewController.h; sourceTree = "<group>"; };
		5939109B16A98E70002A36F8 /* MaDetailViewController.m */ = {isa = PBXFileReference; fileEncoding = 4; lastKnownFileType = sourcecode.c.objc; name = MaDetailViewController.m; path = src/MaDetailViewController.m; sourceTree = "<group>"; };
		593910A916A9B9E5002A36F8 /* emptyImg.jpg */ = {isa = PBXFileReference; lastKnownFileType = image.jpeg; name = emptyImg.jpg; path = Resources/emptyImg.jpg; sourceTree = "<group>"; };
		593F58B416A473980005A82E /* MaScaleImageView.h */ = {isa = PBXFileReference; fileEncoding = 4; lastKnownFileType = sourcecode.c.h; name = MaScaleImageView.h; path = src/MaScaleImageView.h; sourceTree = "<group>"; };
		593F58B516A473980005A82E /* MaScaleImageView.m */ = {isa = PBXFileReference; fileEncoding = 4; lastKnownFileType = sourcecode.c.objc; name = MaScaleImageView.m; path = src/MaScaleImageView.m; sourceTree = "<group>"; };
		597A6E0A16AD24B000C4414B /* MaPostController.h */ = {isa = PBXFileReference; fileEncoding = 4; lastKnownFileType = sourcecode.c.h; name = MaPostController.h; path = src/MaPostController.h; sourceTree = "<group>"; };
		597A6E0B16AD24B000C4414B /* MaPostController.m */ = {isa = PBXFileReference; fileEncoding = 4; lastKnownFileType = sourcecode.c.objc; name = MaPostController.m; path = src/MaPostController.m; sourceTree = "<group>"; };
		597A6E0E16AD257300C4414B /* RDActionSheet.h */ = {isa = PBXFileReference; fileEncoding = 4; lastKnownFileType = sourcecode.c.h; name = RDActionSheet.h; path = src/3rd/RDActionSheet/RDActionSheet.h; sourceTree = "<group>"; };
		597A6E0F16AD257300C4414B /* RDActionSheet.m */ = {isa = PBXFileReference; fileEncoding = 4; lastKnownFileType = sourcecode.c.objc; name = RDActionSheet.m; path = src/3rd/RDActionSheet/RDActionSheet.m; sourceTree = "<group>"; };
		597A6E1116AD257F00C4414B /* SheetBackground.png */ = {isa = PBXFileReference; lastKnownFileType = image.png; name = SheetBackground.png; path = src/3rd/RDActionSheet/SheetBackground.png; sourceTree = "<group>"; };
		597A6E1216AD257F00C4414B /* SheetBackground@2x.png */ = {isa = PBXFileReference; lastKnownFileType = image.png; name = "SheetBackground@2x.png"; path = "src/3rd/RDActionSheet/SheetBackground@2x.png"; sourceTree = "<group>"; };
		597A6E1316AD257F00C4414B /* SheetButtonDestroy@2x.png */ = {isa = PBXFileReference; lastKnownFileType = image.png; name = "SheetButtonDestroy@2x.png"; path = "src/3rd/RDActionSheet/SheetButtonDestroy@2x.png"; sourceTree = "<group>"; };
		597A6E1416AD257F00C4414B /* SheetButtonDestroyTouch@2x.png */ = {isa = PBXFileReference; lastKnownFileType = image.png; name = "SheetButtonDestroyTouch@2x.png"; path = "src/3rd/RDActionSheet/SheetButtonDestroyTouch@2x.png"; sourceTree = "<group>"; };
		597A6E1516AD257F00C4414B /* SheetButtonDismiss.png */ = {isa = PBXFileReference; lastKnownFileType = image.png; name = SheetButtonDismiss.png; path = src/3rd/RDActionSheet/SheetButtonDismiss.png; sourceTree = "<group>"; };
		597A6E1616AD257F00C4414B /* SheetButtonDismiss@2x.png */ = {isa = PBXFileReference; lastKnownFileType = image.png; name = "SheetButtonDismiss@2x.png"; path = "src/3rd/RDActionSheet/SheetButtonDismiss@2x.png"; sourceTree = "<group>"; };
		597A6E1716AD257F00C4414B /* SheetButtonDismissTouch.png */ = {isa = PBXFileReference; lastKnownFileType = image.png; name = SheetButtonDismissTouch.png; path = src/3rd/RDActionSheet/SheetButtonDismissTouch.png; sourceTree = "<group>"; };
		597A6E1816AD257F00C4414B /* SheetButtonDismissTouch@2x.png */ = {isa = PBXFileReference; lastKnownFileType = image.png; name = "SheetButtonDismissTouch@2x.png"; path = "src/3rd/RDActionSheet/SheetButtonDismissTouch@2x.png"; sourceTree = "<group>"; };
		597A6E1916AD257F00C4414B /* SheetButtonGeneric.png */ = {isa = PBXFileReference; lastKnownFileType = image.png; name = SheetButtonGeneric.png; path = src/3rd/RDActionSheet/SheetButtonGeneric.png; sourceTree = "<group>"; };
		597A6E1A16AD257F00C4414B /* SheetButtonGeneric@2x.png */ = {isa = PBXFileReference; lastKnownFileType = image.png; name = "SheetButtonGeneric@2x.png"; path = "src/3rd/RDActionSheet/SheetButtonGeneric@2x.png"; sourceTree = "<group>"; };
		597A6E1B16AD257F00C4414B /* SheetButtonGenericTouch.png */ = {isa = PBXFileReference; lastKnownFileType = image.png; name = SheetButtonGenericTouch.png; path = src/3rd/RDActionSheet/SheetButtonGenericTouch.png; sourceTree = "<group>"; };
		597A6E1C16AD257F00C4414B /* SheetButtonGenericTouch@2x.png */ = {isa = PBXFileReference; lastKnownFileType = image.png; name = "SheetButtonGenericTouch@2x.png"; path = "src/3rd/RDActionSheet/SheetButtonGenericTouch@2x.png"; sourceTree = "<group>"; };
		597A6E1D16AD257F00C4414B /* SheetButtonPrimary.png */ = {isa = PBXFileReference; lastKnownFileType = image.png; name = SheetButtonPrimary.png; path = src/3rd/RDActionSheet/SheetButtonPrimary.png; sourceTree = "<group>"; };
		597A6E1E16AD257F00C4414B /* SheetButtonPrimary@2x.png */ = {isa = PBXFileReference; lastKnownFileType = image.png; name = "SheetButtonPrimary@2x.png"; path = "src/3rd/RDActionSheet/SheetButtonPrimary@2x.png"; sourceTree = "<group>"; };
		597A6E1F16AD257F00C4414B /* SheetButtonPrimaryTouch.png */ = {isa = PBXFileReference; lastKnownFileType = image.png; name = SheetButtonPrimaryTouch.png; path = src/3rd/RDActionSheet/SheetButtonPrimaryTouch.png; sourceTree = "<group>"; };
		597A6E2016AD257F00C4414B /* SheetButtonPrimaryTouch@2x.png */ = {isa = PBXFileReference; lastKnownFileType = image.png; name = "SheetButtonPrimaryTouch@2x.png"; path = "src/3rd/RDActionSheet/SheetButtonPrimaryTouch@2x.png"; sourceTree = "<group>"; };
		597A6E3216AD260A00C4414B /* UIImage+Alpha.h */ = {isa = PBXFileReference; fileEncoding = 4; lastKnownFileType = sourcecode.c.h; name = "UIImage+Alpha.h"; path = "src/3rd/ResizeImage/UIImage+Alpha.h"; sourceTree = "<group>"; };
		597A6E3316AD260A00C4414B /* UIImage+Alpha.m */ = {isa = PBXFileReference; fileEncoding = 4; lastKnownFileType = sourcecode.c.objc; name = "UIImage+Alpha.m"; path = "src/3rd/ResizeImage/UIImage+Alpha.m"; sourceTree = "<group>"; };
		597A6E3416AD260A00C4414B /* UIImage+Resize.h */ = {isa = PBXFileReference; fileEncoding = 4; lastKnownFileType = sourcecode.c.h; name = "UIImage+Resize.h"; path = "src/3rd/ResizeImage/UIImage+Resize.h"; sourceTree = "<group>"; };
		597A6E3516AD260A00C4414B /* UIImage+Resize.m */ = {isa = PBXFileReference; fileEncoding = 4; lastKnownFileType = sourcecode.c.objc; name = "UIImage+Resize.m"; path = "src/3rd/ResizeImage/UIImage+Resize.m"; sourceTree = "<group>"; };
		597A6E3616AD260A00C4414B /* UIImage+RoundedCorner.h */ = {isa = PBXFileReference; fileEncoding = 4; lastKnownFileType = sourcecode.c.h; name = "UIImage+RoundedCorner.h"; path = "src/3rd/ResizeImage/UIImage+RoundedCorner.h"; sourceTree = "<group>"; };
		597A6E3716AD260A00C4414B /* UIImage+RoundedCorner.m */ = {isa = PBXFileReference; fileEncoding = 4; lastKnownFileType = sourcecode.c.objc; name = "UIImage+RoundedCorner.m"; path = "src/3rd/ResizeImage/UIImage+RoundedCorner.m"; sourceTree = "<group>"; };
		597A6E3B16AD315000C4414B /* listCellbackground@2x.png */ = {isa = PBXFileReference; lastKnownFileType = image.png; name = "listCellbackground@2x.png"; path = "Resources/listCellbackground@2x.png"; sourceTree = "<group>"; };
		597E020716AE7FF0003785C9 /* NoticeView.bundle */ = {isa = PBXFileReference; lastKnownFileType = "wrapper.plug-in"; name = NoticeView.bundle; path = src/3rd/WBNoticeView/NoticeView.bundle; sourceTree = "<group>"; };
		597E020816AE7FF0003785C9 /* UILabel+WBExtensions.h */ = {isa = PBXFileReference; fileEncoding = 4; lastKnownFileType = sourcecode.c.h; name = "UILabel+WBExtensions.h"; path = "src/3rd/WBNoticeView/UILabel+WBExtensions.h"; sourceTree = "<group>"; };
		597E020916AE7FF0003785C9 /* UILabel+WBExtensions.m */ = {isa = PBXFileReference; fileEncoding = 4; lastKnownFileType = sourcecode.c.objc; name = "UILabel+WBExtensions.m"; path = "src/3rd/WBNoticeView/UILabel+WBExtensions.m"; sourceTree = "<group>"; };
		597E020A16AE7FF0003785C9 /* WBBlueGradientView.h */ = {isa = PBXFileReference; fileEncoding = 4; lastKnownFileType = sourcecode.c.h; name = WBBlueGradientView.h; path = src/3rd/WBNoticeView/WBBlueGradientView.h; sourceTree = "<group>"; };
		597E020B16AE7FF0003785C9 /* WBBlueGradientView.m */ = {isa = PBXFileReference; fileEncoding = 4; lastKnownFileType = sourcecode.c.objc; name = WBBlueGradientView.m; path = src/3rd/WBNoticeView/WBBlueGradientView.m; sourceTree = "<group>"; };
		597E020C16AE7FF0003785C9 /* WBErrorNoticeView.h */ = {isa = PBXFileReference; fileEncoding = 4; lastKnownFileType = sourcecode.c.h; name = WBErrorNoticeView.h; path = src/3rd/WBNoticeView/WBErrorNoticeView.h; sourceTree = "<group>"; };
		597E020D16AE7FF0003785C9 /* WBErrorNoticeView.m */ = {isa = PBXFileReference; fileEncoding = 4; lastKnownFileType = sourcecode.c.objc; name = WBErrorNoticeView.m; path = src/3rd/WBNoticeView/WBErrorNoticeView.m; sourceTree = "<group>"; };
		597E020E16AE7FF0003785C9 /* WBGrayGradientView.h */ = {isa = PBXFileReference; fileEncoding = 4; lastKnownFileType = sourcecode.c.h; name = WBGrayGradientView.h; path = src/3rd/WBNoticeView/WBGrayGradientView.h; sourceTree = "<group>"; };
		597E020F16AE7FF0003785C9 /* WBGrayGradientView.m */ = {isa = PBXFileReference; fileEncoding = 4; lastKnownFileType = sourcecode.c.objc; name = WBGrayGradientView.m; path = src/3rd/WBNoticeView/WBGrayGradientView.m; sourceTree = "<group>"; };
		597E021016AE7FF0003785C9 /* WBNoticeView.h */ = {isa = PBXFileReference; fileEncoding = 4; lastKnownFileType = sourcecode.c.h; name = WBNoticeView.h; path = src/3rd/WBNoticeView/WBNoticeView.h; sourceTree = "<group>"; };
		597E021116AE7FF0003785C9 /* WBNoticeView.m */ = {isa = PBXFileReference; fileEncoding = 4; lastKnownFileType = sourcecode.c.objc; name = WBNoticeView.m; path = src/3rd/WBNoticeView/WBNoticeView.m; sourceTree = "<group>"; };
		597E021216AE7FF0003785C9 /* WBNoticeView+ForSubclassEyesOnly.h */ = {isa = PBXFileReference; fileEncoding = 4; lastKnownFileType = sourcecode.c.h; name = "WBNoticeView+ForSubclassEyesOnly.h"; path = "src/3rd/WBNoticeView/WBNoticeView+ForSubclassEyesOnly.h"; sourceTree = "<group>"; };
		597E021316AE7FF0003785C9 /* WBRedGradientView.h */ = {isa = PBXFileReference; fileEncoding = 4; lastKnownFileType = sourcecode.c.h; name = WBRedGradientView.h; path = src/3rd/WBNoticeView/WBRedGradientView.h; sourceTree = "<group>"; };
		597E021416AE7FF0003785C9 /* WBRedGradientView.m */ = {isa = PBXFileReference; fileEncoding = 4; lastKnownFileType = sourcecode.c.objc; name = WBRedGradientView.m; path = src/3rd/WBNoticeView/WBRedGradientView.m; sourceTree = "<group>"; };
		597E021516AE7FF0003785C9 /* WBStickyNoticeView.h */ = {isa = PBXFileReference; fileEncoding = 4; lastKnownFileType = sourcecode.c.h; name = WBStickyNoticeView.h; path = src/3rd/WBNoticeView/WBStickyNoticeView.h; sourceTree = "<group>"; };
		597E021616AE7FF0003785C9 /* WBStickyNoticeView.m */ = {isa = PBXFileReference; fileEncoding = 4; lastKnownFileType = sourcecode.c.objc; name = WBStickyNoticeView.m; path = src/3rd/WBNoticeView/WBStickyNoticeView.m; sourceTree = "<group>"; };
		597E021716AE7FF0003785C9 /* WBSuccessNoticeView.h */ = {isa = PBXFileReference; fileEncoding = 4; lastKnownFileType = sourcecode.c.h; name = WBSuccessNoticeView.h; path = src/3rd/WBNoticeView/WBSuccessNoticeView.h; sourceTree = "<group>"; };
		597E021816AE7FF0003785C9 /* WBSuccessNoticeView.m */ = {isa = PBXFileReference; fileEncoding = 4; lastKnownFileType = sourcecode.c.objc; name = WBSuccessNoticeView.m; path = src/3rd/WBNoticeView/WBSuccessNoticeView.m; sourceTree = "<group>"; };
		597E024416AEA33D003785C9 /* weibo.jpg */ = {isa = PBXFileReference; lastKnownFileType = image.jpeg; name = weibo.jpg; path = Resources/weibo.jpg; sourceTree = "<group>"; };
		597E024616AEA33D003785C9 /* food.jpg */ = {isa = PBXFileReference; lastKnownFileType = image.jpeg; name = food.jpg; path = Resources/food.jpg; sourceTree = "<group>"; };
		597E024716AEA33D003785C9 /* cafe.jpg */ = {isa = PBXFileReference; lastKnownFileType = image.jpeg; name = cafe.jpg; path = Resources/cafe.jpg; sourceTree = "<group>"; };
		597E024816AEA33D003785C9 /* activities.jpg */ = {isa = PBXFileReference; lastKnownFileType = image.jpeg; name = activities.jpg; path = Resources/activities.jpg; sourceTree = "<group>"; };
		597E024916AEA33D003785C9 /* about.jpg */ = {isa = PBXFileReference; lastKnownFileType = image.jpeg; name = about.jpg; path = Resources/about.jpg; sourceTree = "<group>"; };
		597E024A16AEA33D003785C9 /* tea.jpg */ = {isa = PBXFileReference; lastKnownFileType = image.jpeg; name = tea.jpg; path = Resources/tea.jpg; sourceTree = "<group>"; };
		597E025316AEA37D003785C9 /* new.jpg */ = {isa = PBXFileReference; lastKnownFileType = image.jpeg; name = new.jpg; path = Resources/new.jpg; sourceTree = "<group>"; };
		598017CD16B12D9D00AD3D1C /* MaAboutViewController.h */ = {isa = PBXFileReference; fileEncoding = 4; lastKnownFileType = sourcecode.c.h; name = MaAboutViewController.h; path = src/MaAboutViewController.h; sourceTree = "<group>"; };
		598017CE16B12D9D00AD3D1C /* MaAboutViewController.m */ = {isa = PBXFileReference; fileEncoding = 4; lastKnownFileType = sourcecode.c.objc; name = MaAboutViewController.m; path = src/MaAboutViewController.m; sourceTree = "<group>"; };
		598017D016B1366400AD3D1C /* cafeAbout.jpg */ = {isa = PBXFileReference; lastKnownFileType = image.jpeg; name = cafeAbout.jpg; path = Resources/cafeAbout.jpg; sourceTree = "<group>"; };
		599A174716B9749F0084A562 /* emptyImg@2x.jpg */ = {isa = PBXFileReference; lastKnownFileType = image.jpeg; name = "emptyImg@2x.jpg"; path = "Resources/emptyImg@2x.jpg"; sourceTree = "<group>"; };
		599A174916B974DE0084A562 /* artFrameLight.png */ = {isa = PBXFileReference; lastKnownFileType = image.png; name = artFrameLight.png; path = Resources/artFrameLight.png; sourceTree = "<group>"; };
		599A174B16B9754C0084A562 /* wall.png */ = {isa = PBXFileReference; lastKnownFileType = image.png; name = wall.png; path = Resources/wall.png; sourceTree = "<group>"; };
		599A174D16B9758F0084A562 /* listCellbackground.png */ = {isa = PBXFileReference; lastKnownFileType = image.png; name = listCellbackground.png; path = Resources/listCellbackground.png; sourceTree = "<group>"; };
		599A174F16B975D30084A562 /* weiboLoginButtom.png */ = {isa = PBXFileReference; lastKnownFileType = image.png; name = weiboLoginButtom.png; path = Resources/weiboLoginButtom.png; sourceTree = "<group>"; };
		599A175116B976720084A562 /* about@2x.png */ = {isa = PBXFileReference; lastKnownFileType = image.png; name = "about@2x.png"; path = "Resources/cafeStyle/navBar/about@2x.png"; sourceTree = "<group>"; };
		599A175216B976720084A562 /* activities@2x.png */ = {isa = PBXFileReference; lastKnownFileType = image.png; name = "activities@2x.png"; path = "Resources/cafeStyle/navBar/activities@2x.png"; sourceTree = "<group>"; };
		599A175316B976720084A562 /* cafe@2x.png */ = {isa = PBXFileReference; lastKnownFileType = image.png; name = "cafe@2x.png"; path = "Resources/cafeStyle/navBar/cafe@2x.png"; sourceTree = "<group>"; };
		599A175416B976720084A562 /* food@2x.png */ = {isa = PBXFileReference; lastKnownFileType = image.png; name = "food@2x.png"; path = "Resources/cafeStyle/navBar/food@2x.png"; sourceTree = "<group>"; };
		599A175516B976720084A562 /* navBar@2x.png */ = {isa = PBXFileReference; lastKnownFileType = image.png; name = "navBar@2x.png"; path = "Resources/cafeStyle/navBar/navBar@2x.png"; sourceTree = "<group>"; };
		599A175616B976720084A562 /* new@2x.png */ = {isa = PBXFileReference; lastKnownFileType = image.png; name = "new@2x.png"; path = "Resources/cafeStyle/navBar/new@2x.png"; sourceTree = "<group>"; };
		599A175716B976720084A562 /* share@2x.png */ = {isa = PBXFileReference; lastKnownFileType = image.png; name = "share@2x.png"; path = "Resources/cafeStyle/navBar/share@2x.png"; sourceTree = "<group>"; };
		599A175816B976720084A562 /* tea@2x.png */ = {isa = PBXFileReference; lastKnownFileType = image.png; name = "tea@2x.png"; path = "Resources/cafeStyle/navBar/tea@2x.png"; sourceTree = "<group>"; };
		599A175916B976720084A562 /* toobarBackground@2x.png */ = {isa = PBXFileReference; lastKnownFileType = image.png; name = "toobarBackground@2x.png"; path = "Resources/cafeStyle/navBar/toobarBackground@2x.png"; sourceTree = "<group>"; };
		599A175A16B976720084A562 /* weibo@2x.png */ = {isa = PBXFileReference; lastKnownFileType = image.png; name = "weibo@2x.png"; path = "Resources/cafeStyle/navBar/weibo@2x.png"; sourceTree = "<group>"; };
		599A176516B97C810084A562 /* maps.jpg */ = {isa = PBXFileReference; lastKnownFileType = image.jpeg; name = maps.jpg; path = Resources/maps.jpg; sourceTree = "<group>"; };
		599A176616B97C810084A562 /* maps@2x.jpg */ = {isa = PBXFileReference; lastKnownFileType = image.jpeg; name = "maps@2x.jpg"; path = "Resources/maps@2x.jpg"; sourceTree = "<group>"; };
		599A177C16B980E70084A562 /* weiboLoginBackground.png */ = {isa = PBXFileReference; lastKnownFileType = image.png; name = weiboLoginBackground.png; path = Resources/weiboLoginBackground.png; sourceTree = "<group>"; };
		599A178016B983F80084A562 /* weiboLoginBackground-568h@2x.png */ = {isa = PBXFileReference; lastKnownFileType = image.png; name = "weiboLoginBackground-568h@2x.png"; path = "Resources/weiboLoginBackground-568h@2x.png"; sourceTree = "<group>"; };
		599A179B16B9862A0084A562 /* Default-568h@2x.png */ = {isa = PBXFileReference; lastKnownFileType = image.png; path = "Default-568h@2x.png"; sourceTree = SOURCE_ROOT; };
		599A179C16B9862A0084A562 /* Default.png */ = {isa = PBXFileReference; lastKnownFileType = image.png; path = Default.png; sourceTree = SOURCE_ROOT; };
		599A179D16B9862A0084A562 /* Default@2x.png */ = {isa = PBXFileReference; lastKnownFileType = image.png; path = "Default@2x.png"; sourceTree = SOURCE_ROOT; };
		599A17A116B987360084A562 /* icon114.png */ = {isa = PBXFileReference; lastKnownFileType = image.png; path = icon114.png; sourceTree = "<group>"; };
		599A17A316B9873A0084A562 /* icon57.png */ = {isa = PBXFileReference; lastKnownFileType = image.png; path = icon57.png; sourceTree = "<group>"; };
		599E13CE16AFBEC100866BF1 /* BBCyclingLabel.h */ = {isa = PBXFileReference; fileEncoding = 4; lastKnownFileType = sourcecode.c.h; name = BBCyclingLabel.h; path = src/3rd/BBCLable/BBCyclingLabel.h; sourceTree = "<group>"; };
		599E13CF16AFBEC100866BF1 /* BBCyclingLabel.m */ = {isa = PBXFileReference; fileEncoding = 4; lastKnownFileType = sourcecode.c.objc; name = BBCyclingLabel.m; path = src/3rd/BBCLable/BBCyclingLabel.m; sourceTree = "<group>"; };
		599E13D116AFCC5600866BF1 /* artFrameLight@2x.png */ = {isa = PBXFileReference; lastKnownFileType = image.png; name = "artFrameLight@2x.png"; path = "Resources/artFrameLight@2x.png"; sourceTree = "<group>"; };
		599F39F7168EF4BC006397CB /* MaRootViewController.h */ = {isa = PBXFileReference; fileEncoding = 4; lastKnownFileType = sourcecode.c.h; name = MaRootViewController.h; path = src/MaRootViewController.h; sourceTree = "<group>"; };
		599F39F8168EF4BC006397CB /* MaRootViewController.m */ = {isa = PBXFileReference; fileEncoding = 4; lastKnownFileType = sourcecode.c.objc; name = MaRootViewController.m; path = src/MaRootViewController.m; sourceTree = "<group>"; };
		599F3A02169006A3006397CB /* UIBarButtonItem+StyledButton.h */ = {isa = PBXFileReference; fileEncoding = 4; lastKnownFileType = sourcecode.c.h; name = "UIBarButtonItem+StyledButton.h"; path = "src/UIBarButtonItem+StyledButton.h"; sourceTree = "<group>"; };
		599F3A03169006A3006397CB /* UIBarButtonItem+StyledButton.m */ = {isa = PBXFileReference; fileEncoding = 4; lastKnownFileType = sourcecode.c.objc; name = "UIBarButtonItem+StyledButton.m"; path = "src/UIBarButtonItem+StyledButton.m"; sourceTree = "<group>"; };
		599F3A061690071D006397CB /* backButtom.png */ = {isa = PBXFileReference; lastKnownFileType = image.png; name = backButtom.png; path = Resources/backButtom.png; sourceTree = "<group>"; };
		599F3A071690071D006397CB /* backButtom@2x.png */ = {isa = PBXFileReference; lastKnownFileType = image.png; name = "backButtom@2x.png"; path = "Resources/backButtom@2x.png"; sourceTree = "<group>"; };
		599F3A0A16900CBF006397CB /* rootbackground.png */ = {isa = PBXFileReference; lastKnownFileType = image.png; name = rootbackground.png; path = Resources/rootbackground.png; sourceTree = "<group>"; };
		599F3A0B16900CBF006397CB /* rootbackground@2x.png */ = {isa = PBXFileReference; lastKnownFileType = image.png; name = "rootbackground@2x.png"; path = "Resources/rootbackground@2x.png"; sourceTree = "<group>"; };
		59A7B21116AD45F200274869 /* weiboLoginButtom@2x.png */ = {isa = PBXFileReference; lastKnownFileType = image.png; name = "weiboLoginButtom@2x.png"; path = "Resources/weiboLoginButtom@2x.png"; sourceTree = "<group>"; };
		59A7B21516AD54DE00274869 /* composeButtom.png */ = {isa = PBXFileReference; lastKnownFileType = image.png; name = composeButtom.png; path = Resources/composeButtom.png; sourceTree = "<group>"; };
		59A7B21616AD54DE00274869 /* composeButtom@2x.png */ = {isa = PBXFileReference; lastKnownFileType = image.png; name = "composeButtom@2x.png"; path = "Resources/composeButtom@2x.png"; sourceTree = "<group>"; };
		59A7B22D16AD5BF100274869 /* closeButtom.png */ = {isa = PBXFileReference; lastKnownFileType = image.png; name = closeButtom.png; path = Resources/closeButtom.png; sourceTree = "<group>"; };
		59A7B22E16AD5BF100274869 /* closeButtom@2x.png */ = {isa = PBXFileReference; lastKnownFileType = image.png; name = "closeButtom@2x.png"; path = "Resources/closeButtom@2x.png"; sourceTree = "<group>"; };
		59AC4A9B169A83460034919E /* CoreText.framework */ = {isa = PBXFileReference; lastKnownFileType = wrapper.framework; name = CoreText.framework; path = System/Library/Frameworks/CoreText.framework; sourceTree = SDKROOT; };
		59AC4A9F169A8E470034919E /* libxml2.dylib */ = {isa = PBXFileReference; lastKnownFileType = "compiled.mach-o.dylib"; name = libxml2.dylib; path = usr/lib/libxml2.dylib; sourceTree = SDKROOT; };
		59AC4AA1169A8FB20034919E /* ImageIO.framework */ = {isa = PBXFileReference; lastKnownFileType = wrapper.framework; name = ImageIO.framework; path = System/Library/Frameworks/ImageIO.framework; sourceTree = SDKROOT; };
		59AC4AA3169A8FD80034919E /* MobileCoreServices.framework */ = {isa = PBXFileReference; lastKnownFileType = wrapper.framework; name = MobileCoreServices.framework; path = System/Library/Frameworks/MobileCoreServices.framework; sourceTree = SDKROOT; };
		59AC4B2C169B42430034919E /* MoreCafeAppDelegate.h */ = {isa = PBXFileReference; fileEncoding = 4; lastKnownFileType = sourcecode.c.h; name = MoreCafeAppDelegate.h; path = src/MoreCafeAppDelegate.h; sourceTree = "<group>"; };
		59AC4B2D169B42430034919E /* MoreCafeAppDelegate.m */ = {isa = PBXFileReference; fileEncoding = 4; lastKnownFileType = sourcecode.c.objc; name = MoreCafeAppDelegate.m; path = src/MoreCafeAppDelegate.m; sourceTree = "<group>"; };
		59AC4B37169B5E540034919E /* Accounts.framework */ = {isa = PBXFileReference; lastKnownFileType = wrapper.framework; name = Accounts.framework; path = System/Library/Frameworks/Accounts.framework; sourceTree = SDKROOT; };
		59AE4CEE16996D2D007D7C99 /* main.m */ = {isa = PBXFileReference; fileEncoding = 4; lastKnownFileType = sourcecode.c.objc; name = main.m; path = src/main.m; sourceTree = "<group>"; };
		59AE4CF416996D9F007D7C99 /* JSONKit.h */ = {isa = PBXFileReference; fileEncoding = 4; lastKnownFileType = sourcecode.c.h; name = JSONKit.h; path = src/Weibo/JSONKit/JSONKit.h; sourceTree = "<group>"; };
		59AE4CF516996D9F007D7C99 /* JSONKit.m */ = {isa = PBXFileReference; fileEncoding = 4; lastKnownFileType = sourcecode.c.objc; name = JSONKit.m; path = src/Weibo/JSONKit/JSONKit.m; sourceTree = "<group>"; };
		59AE4CF716996DAF007D7C99 /* SinaWeibo.bundle */ = {isa = PBXFileReference; lastKnownFileType = "wrapper.plug-in"; name = SinaWeibo.bundle; path = src/Weibo/SinaWeibo/SinaWeibo.bundle; sourceTree = "<group>"; };
		59AE4CF816996DAF007D7C99 /* SinaWeibo.h */ = {isa = PBXFileReference; fileEncoding = 4; lastKnownFileType = sourcecode.c.h; name = SinaWeibo.h; path = src/Weibo/SinaWeibo/SinaWeibo.h; sourceTree = "<group>"; };
		59AE4CF916996DAF007D7C99 /* SinaWeibo.m */ = {isa = PBXFileReference; fileEncoding = 4; lastKnownFileType = sourcecode.c.objc; name = SinaWeibo.m; path = src/Weibo/SinaWeibo/SinaWeibo.m; sourceTree = "<group>"; };
		59AE4CFA16996DAF007D7C99 /* SinaWeiboAuthorizeView.h */ = {isa = PBXFileReference; fileEncoding = 4; lastKnownFileType = sourcecode.c.h; name = SinaWeiboAuthorizeView.h; path = src/Weibo/SinaWeibo/SinaWeiboAuthorizeView.h; sourceTree = "<group>"; };
		59AE4CFB16996DAF007D7C99 /* SinaWeiboAuthorizeView.m */ = {isa = PBXFileReference; fileEncoding = 4; lastKnownFileType = sourcecode.c.objc; name = SinaWeiboAuthorizeView.m; path = src/Weibo/SinaWeibo/SinaWeiboAuthorizeView.m; sourceTree = "<group>"; };
		59AE4CFC16996DAF007D7C99 /* SinaWeiboConstants.h */ = {isa = PBXFileReference; fileEncoding = 4; lastKnownFileType = sourcecode.c.h; name = SinaWeiboConstants.h; path = src/Weibo/SinaWeibo/SinaWeiboConstants.h; sourceTree = "<group>"; };
		59AE4CFD16996DAF007D7C99 /* SinaWeiboRequest.h */ = {isa = PBXFileReference; fileEncoding = 4; lastKnownFileType = sourcecode.c.h; name = SinaWeiboRequest.h; path = src/Weibo/SinaWeibo/SinaWeiboRequest.h; sourceTree = "<group>"; };
		59AE4CFE16996DAF007D7C99 /* SinaWeiboRequest.m */ = {isa = PBXFileReference; fileEncoding = 4; lastKnownFileType = sourcecode.c.objc; name = SinaWeiboRequest.m; path = src/Weibo/SinaWeibo/SinaWeiboRequest.m; sourceTree = "<group>"; };
		59AE4D12169976E3007D7C99 /* dataFile.plist */ = {isa = PBXFileReference; fileEncoding = 4; lastKnownFileType = text.plist.xml; name = dataFile.plist; path = Resources/dataFile.plist; sourceTree = "<group>"; };
		59CC08DA16AEACCB0013F460 /* proverb.plist */ = {isa = PBXFileReference; fileEncoding = 4; lastKnownFileType = text.plist.xml; name = proverb.plist; path = Resources/proverb.plist; sourceTree = "<group>"; };
		59F24A9C1699DA310068035E /* MaWeiboViewController.h */ = {isa = PBXFileReference; fileEncoding = 4; lastKnownFileType = sourcecode.c.h; name = MaWeiboViewController.h; path = src/MaWeiboViewController.h; sourceTree = "<group>"; };
		59F24A9D1699DA310068035E /* MaWeiboViewController.m */ = {isa = PBXFileReference; fileEncoding = 4; lastKnownFileType = sourcecode.c.objc; name = MaWeiboViewController.m; path = src/MaWeiboViewController.m; sourceTree = "<group>"; };
		59F24AA01699DBB60068035E /* AsyncImageView.h */ = {isa = PBXFileReference; fileEncoding = 4; lastKnownFileType = sourcecode.c.h; name = AsyncImageView.h; path = src/3rd/AsyncImageView/AsyncImageView.h; sourceTree = "<group>"; };
		59F24AA11699DBB60068035E /* AsyncImageView.m */ = {isa = PBXFileReference; fileEncoding = 4; lastKnownFileType = sourcecode.c.objc; name = AsyncImageView.m; path = src/3rd/AsyncImageView/AsyncImageView.m; sourceTree = "<group>"; };
		59F24AA31699DBC20068035E /* EGORefreshTableHeaderView.h */ = {isa = PBXFileReference; fileEncoding = 4; lastKnownFileType = sourcecode.c.h; name = EGORefreshTableHeaderView.h; path = src/3rd/EGORefreshTableHeaderView/EGORefreshTableHeaderView.h; sourceTree = "<group>"; };
		59F24AA41699DBC20068035E /* EGORefreshTableHeaderView.m */ = {isa = PBXFileReference; fileEncoding = 4; lastKnownFileType = sourcecode.c.objc; name = EGORefreshTableHeaderView.m; path = src/3rd/EGORefreshTableHeaderView/EGORefreshTableHeaderView.m; sourceTree = "<group>"; };
		59F24AA61699DC090068035E /* QuartzCore.framework */ = {isa = PBXFileReference; lastKnownFileType = wrapper.framework; name = QuartzCore.framework; path = System/Library/Frameworks/QuartzCore.framework; sourceTree = SDKROOT; };
		59F24AB11699E1560068035E /* grayArrow.png */ = {isa = PBXFileReference; lastKnownFileType = image.png; name = grayArrow.png; path = Resources/grayArrow.png; sourceTree = "<group>"; };
		59F24AB21699E1560068035E /* grayArrow@2x.png */ = {isa = PBXFileReference; lastKnownFileType = image.png; name = "grayArrow@2x.png"; path = "Resources/grayArrow@2x.png"; sourceTree = "<group>"; };
		59F24AC11699F7F80068035E /* MaDefine.h */ = {isa = PBXFileReference; fileEncoding = 4; lastKnownFileType = sourcecode.c.h; name = MaDefine.h; path = src/MaDefine.h; sourceTree = "<group>"; };
		59F24AD5169A01DC0068035E /* MaWeiboCell.h */ = {isa = PBXFileReference; fileEncoding = 4; lastKnownFileType = sourcecode.c.h; name = MaWeiboCell.h; path = src/MaWeiboCell.h; sourceTree = "<group>"; };
		59F24AD6169A01DC0068035E /* MaWeiboCell.m */ = {isa = PBXFileReference; fileEncoding = 4; lastKnownFileType = sourcecode.c.objc; name = MaWeiboCell.m; path = src/MaWeiboCell.m; sourceTree = "<group>"; };
		59F24AD8169A028B0068035E /* DTCoreText.xcodeproj */ = {isa = PBXFileReference; lastKnownFileType = "wrapper.pb-project"; name = DTCoreText.xcodeproj; path = src/3rd/DTCoreText/DTCoreText.xcodeproj; sourceTree = "<group>"; };
		59FC12A016A66B86006C5224 /* MaListViewController.h */ = {isa = PBXFileReference; fileEncoding = 4; lastKnownFileType = sourcecode.c.h; name = MaListViewController.h; path = src/MaListViewController.h; sourceTree = "<group>"; };
		59FC12A116A66B86006C5224 /* MaListViewController.m */ = {isa = PBXFileReference; fileEncoding = 4; lastKnownFileType = sourcecode.c.objc; name = MaListViewController.m; path = src/MaListViewController.m; sourceTree = "<group>"; };
		59FC12A316A66C15006C5224 /* MaListCell.h */ = {isa = PBXFileReference; fileEncoding = 4; lastKnownFileType = sourcecode.c.h; name = MaListCell.h; path = src/MaListCell.h; sourceTree = "<group>"; };
		59FC12A416A66C15006C5224 /* MaListCell.m */ = {isa = PBXFileReference; fileEncoding = 4; lastKnownFileType = sourcecode.c.objc; name = MaListCell.m; path = src/MaListCell.m; sourceTree = "<group>"; };
		59FC12A816A68C40006C5224 /* wall@2x.png */ = {isa = PBXFileReference; lastKnownFileType = image.png; name = "wall@2x.png"; path = "Resources/wall@2x.png"; sourceTree = "<group>"; };
		59FD6B0716BA4DE9008C0A5A /* products */ = {isa = PBXFileReference; lastKnownFileType = folder; name = products; path = Resources/products; sourceTree = "<group>"; };
		59FD6B0916BA6CDF008C0A5A /* bottomStyle@2x.png */ = {isa = PBXFileReference; lastKnownFileType = image.png; name = "bottomStyle@2x.png"; path = "Resources/bottomStyle@2x.png"; sourceTree = "<group>"; };
/* End PBXFileReference section */

/* Begin PBXFrameworksBuildPhase section */
		263DFB1D1689346300C02B37 /* Frameworks */ = {
			isa = PBXFrameworksBuildPhase;
			buildActionMask = 2147483647;
			files = (
				59AC4AA0169A8E470034919E /* libxml2.dylib in Frameworks */,
				59F24B03169A02D90068035E /* libDTCoreText.a in Frameworks */,
				263DFB251689346300C02B37 /* UIKit.framework in Frameworks */,
				263DFB271689346300C02B37 /* Foundation.framework in Frameworks */,
				263DFB291689346300C02B37 /* CoreGraphics.framework in Frameworks */,
				59F24AA71699DC090068035E /* QuartzCore.framework in Frameworks */,
				59AC4A9C169A83460034919E /* CoreText.framework in Frameworks */,
				59AC4AA2169A8FB20034919E /* ImageIO.framework in Frameworks */,
				59AC4AA4169A8FD80034919E /* MobileCoreServices.framework in Frameworks */,
				59AC4B38169B5E540034919E /* Accounts.framework in Frameworks */,
			);
			runOnlyForDeploymentPostprocessing = 0;
		};
/* End PBXFrameworksBuildPhase section */

/* Begin PBXGroup section */
		263DFB151689346300C02B37 = {
			isa = PBXGroup;
			children = (
				599A17A316B9873A0084A562 /* icon57.png */,
				599A17A116B987360084A562 /* icon114.png */,
				263DFB2A1689346300C02B37 /* MoreCafe */,
				263DFB2B1689346300C02B37 /* Supporting Files */,
				599F3A01169005FC006397CB /* Resources */,
				263DFB231689346300C02B37 /* Frameworks */,
				263DFB211689346300C02B37 /* Products */,
			);
			sourceTree = "<group>";
		};
		263DFB211689346300C02B37 /* Products */ = {
			isa = PBXGroup;
			children = (
				263DFB201689346300C02B37 /* MoreCafe.app */,
			);
			name = Products;
			sourceTree = "<group>";
		};
		263DFB231689346300C02B37 /* Frameworks */ = {
			isa = PBXGroup;
			children = (
				59AC4B37169B5E540034919E /* Accounts.framework */,
				59AC4A9F169A8E470034919E /* libxml2.dylib */,
				59AC4AA3169A8FD80034919E /* MobileCoreServices.framework */,
				59AC4AA1169A8FB20034919E /* ImageIO.framework */,
				59AC4A9B169A83460034919E /* CoreText.framework */,
				59F24AA61699DC090068035E /* QuartzCore.framework */,
				263DFB241689346300C02B37 /* UIKit.framework */,
				263DFB261689346300C02B37 /* Foundation.framework */,
				263DFB281689346300C02B37 /* CoreGraphics.framework */,
			);
			name = Frameworks;
			sourceTree = "<group>";
		};
		263DFB2A1689346300C02B37 /* MoreCafe */ = {
			isa = PBXGroup;
			children = (
				59F24AC11699F7F80068035E /* MaDefine.h */,
				59AC4B2C169B42430034919E /* MoreCafeAppDelegate.h */,
				59AC4B2D169B42430034919E /* MoreCafeAppDelegate.m */,
				59F24A9F1699DB970068035E /* 3rd */,
				59AE4D111699769A007D7C99 /* DataSource */,
				59AE4D1016997677007D7C99 /* ViewController */,
				599F3A05169006AA006397CB /* MaBase */,
			);
			path = MoreCafe;
			sourceTree = "<group>";
		};
		263DFB2B1689346300C02B37 /* Supporting Files */ = {
			isa = PBXGroup;
			children = (
				599A179B16B9862A0084A562 /* Default-568h@2x.png */,
				599A179C16B9862A0084A562 /* Default.png */,
				599A179D16B9862A0084A562 /* Default@2x.png */,
				263DFB2C1689346300C02B37 /* MoreCafe-Info.plist */,
				59117A26169C233F0043858B /* InfoPlist.strings */,
				59AE4CEE16996D2D007D7C99 /* main.m */,
				263DFB321689346300C02B37 /* MoreCafe-Prefix.pch */,
			);
			name = "Supporting Files";
			path = MoreCafe;
			sourceTree = "<group>";
		};
		591CC62E16B5037700B19197 /* navBar */ = {
			isa = PBXGroup;
			children = (
				599A175116B976720084A562 /* about@2x.png */,
				599A175216B976720084A562 /* activities@2x.png */,
				599A175316B976720084A562 /* cafe@2x.png */,
				599A175416B976720084A562 /* food@2x.png */,
				599A175516B976720084A562 /* navBar@2x.png */,
				599A175616B976720084A562 /* new@2x.png */,
				599A175716B976720084A562 /* share@2x.png */,
				599A175816B976720084A562 /* tea@2x.png */,
				599A175916B976720084A562 /* toobarBackground@2x.png */,
				599A175A16B976720084A562 /* weibo@2x.png */,
			);
			name = navBar;
			sourceTree = "<group>";
		};
		594DE7A716A51FDB009B784B /* Weibo */ = {
			isa = PBXGroup;
			children = (
				59F24A9C1699DA310068035E /* MaWeiboViewController.h */,
				59F24A9D1699DA310068035E /* MaWeiboViewController.m */,
				597A6E0A16AD24B000C4414B /* MaPostController.h */,
				597A6E0B16AD24B000C4414B /* MaPostController.m */,
			);
			name = Weibo;
			sourceTree = "<group>";
		};
		594F50C716B6503000C9D1E6 /* cafeStyle */ = {
			isa = PBXGroup;
			children = (
				591CC62E16B5037700B19197 /* navBar */,
			);
			name = cafeStyle;
			sourceTree = "<group>";
		};
		597A6E0D16AD256800C4414B /* actionSheet */ = {
			isa = PBXGroup;
			children = (
				597A6E1116AD257F00C4414B /* SheetBackground.png */,
				597A6E1216AD257F00C4414B /* SheetBackground@2x.png */,
				597A6E1316AD257F00C4414B /* SheetButtonDestroy@2x.png */,
				597A6E1416AD257F00C4414B /* SheetButtonDestroyTouch@2x.png */,
				597A6E1516AD257F00C4414B /* SheetButtonDismiss.png */,
				597A6E1616AD257F00C4414B /* SheetButtonDismiss@2x.png */,
				597A6E1716AD257F00C4414B /* SheetButtonDismissTouch.png */,
				597A6E1816AD257F00C4414B /* SheetButtonDismissTouch@2x.png */,
				597A6E1916AD257F00C4414B /* SheetButtonGeneric.png */,
				597A6E1A16AD257F00C4414B /* SheetButtonGeneric@2x.png */,
				597A6E1B16AD257F00C4414B /* SheetButtonGenericTouch.png */,
				597A6E1C16AD257F00C4414B /* SheetButtonGenericTouch@2x.png */,
				597A6E1D16AD257F00C4414B /* SheetButtonPrimary.png */,
				597A6E1E16AD257F00C4414B /* SheetButtonPrimary@2x.png */,
				597A6E1F16AD257F00C4414B /* SheetButtonPrimaryTouch.png */,
				597A6E2016AD257F00C4414B /* SheetButtonPrimaryTouch@2x.png */,
				597A6E0E16AD257300C4414B /* RDActionSheet.h */,
				597A6E0F16AD257300C4414B /* RDActionSheet.m */,
			);
			name = actionSheet;
			sourceTree = "<group>";
		};
		597A6E3116AD260000C4414B /* resizeImage */ = {
			isa = PBXGroup;
			children = (
				597A6E3216AD260A00C4414B /* UIImage+Alpha.h */,
				597A6E3316AD260A00C4414B /* UIImage+Alpha.m */,
				597A6E3416AD260A00C4414B /* UIImage+Resize.h */,
				597A6E3516AD260A00C4414B /* UIImage+Resize.m */,
				597A6E3616AD260A00C4414B /* UIImage+RoundedCorner.h */,
				597A6E3716AD260A00C4414B /* UIImage+RoundedCorner.m */,
			);
			name = resizeImage;
			sourceTree = "<group>";
		};
		597E01CE16AE67A7003785C9 /* Notifacation */ = {
			isa = PBXGroup;
			children = (
				597E020716AE7FF0003785C9 /* NoticeView.bundle */,
				597E020816AE7FF0003785C9 /* UILabel+WBExtensions.h */,
				597E020916AE7FF0003785C9 /* UILabel+WBExtensions.m */,
				597E020A16AE7FF0003785C9 /* WBBlueGradientView.h */,
				597E020B16AE7FF0003785C9 /* WBBlueGradientView.m */,
				597E020C16AE7FF0003785C9 /* WBErrorNoticeView.h */,
				597E020D16AE7FF0003785C9 /* WBErrorNoticeView.m */,
				597E020E16AE7FF0003785C9 /* WBGrayGradientView.h */,
				597E020F16AE7FF0003785C9 /* WBGrayGradientView.m */,
				597E021016AE7FF0003785C9 /* WBNoticeView.h */,
				597E021116AE7FF0003785C9 /* WBNoticeView.m */,
				597E021216AE7FF0003785C9 /* WBNoticeView+ForSubclassEyesOnly.h */,
				597E021316AE7FF0003785C9 /* WBRedGradientView.h */,
				597E021416AE7FF0003785C9 /* WBRedGradientView.m */,
				597E021516AE7FF0003785C9 /* WBStickyNoticeView.h */,
				597E021616AE7FF0003785C9 /* WBStickyNoticeView.m */,
				597E021716AE7FF0003785C9 /* WBSuccessNoticeView.h */,
				597E021816AE7FF0003785C9 /* WBSuccessNoticeView.m */,
			);
			name = Notifacation;
			sourceTree = "<group>";
		};
		597E025216AEA345003785C9 /* root */ = {
			isa = PBXGroup;
			children = (
				597E025316AEA37D003785C9 /* new.jpg */,
				597E024416AEA33D003785C9 /* weibo.jpg */,
				597E024616AEA33D003785C9 /* food.jpg */,
				597E024716AEA33D003785C9 /* cafe.jpg */,
				597E024816AEA33D003785C9 /* activities.jpg */,
				597E024916AEA33D003785C9 /* about.jpg */,
				597E024A16AEA33D003785C9 /* tea.jpg */,
			);
			name = root;
			sourceTree = "<group>";
		};
		599A174516B973470084A562 /* icon */ = {
			isa = PBXGroup;
			children = (
				59F24AB11699E1560068035E /* grayArrow.png */,
				59F24AB21699E1560068035E /* grayArrow@2x.png */,
				260405C416B197EC00BF5BCE /* sendButtom.png */,
				260405C516B197EC00BF5BCE /* sendButtom@2x.png */,
				592D897C16ADBEB900137A1B /* camera@2x.png */,
				592D897B16ADBEB900137A1B /* camera.png */,
				59A7B22D16AD5BF100274869 /* closeButtom.png */,
				59A7B22E16AD5BF100274869 /* closeButtom@2x.png */,
				592D899516ADC18700137A1B /* actionButtom.png */,
				592D899616ADC18700137A1B /* actionButtom@2x.png */,
				59A7B21516AD54DE00274869 /* composeButtom.png */,
				59A7B21616AD54DE00274869 /* composeButtom@2x.png */,
				599F3A061690071D006397CB /* backButtom.png */,
				599F3A071690071D006397CB /* backButtom@2x.png */,
			);
			name = icon;
			sourceTree = "<group>";
		};
		599A174616B973E80084A562 /* UIElement */ = {
			isa = PBXGroup;
			children = (
				59FD6B0916BA6CDF008C0A5A /* bottomStyle@2x.png */,
				599A176516B97C810084A562 /* maps.jpg */,
				599A176616B97C810084A562 /* maps@2x.jpg */,
				599F3A0A16900CBF006397CB /* rootbackground.png */,
				599F3A0B16900CBF006397CB /* rootbackground@2x.png */,
				599A174F16B975D30084A562 /* weiboLoginButtom.png */,
				59A7B21116AD45F200274869 /* weiboLoginButtom@2x.png */,
				599A177C16B980E70084A562 /* weiboLoginBackground.png */,
				591CC63116B5077200B19197 /* weiboLoginBackground@2x.png */,
				599A178016B983F80084A562 /* weiboLoginBackground-568h@2x.png */,
				599A174D16B9758F0084A562 /* listCellbackground.png */,
				597A6E3B16AD315000C4414B /* listCellbackground@2x.png */,
				599A174B16B9754C0084A562 /* wall.png */,
				59FC12A816A68C40006C5224 /* wall@2x.png */,
				599A174916B974DE0084A562 /* artFrameLight.png */,
				599E13D116AFCC5600866BF1 /* artFrameLight@2x.png */,
				593910A916A9B9E5002A36F8 /* emptyImg.jpg */,
				599A174716B9749F0084A562 /* emptyImg@2x.jpg */,
			);
			name = UIElement;
			sourceTree = "<group>";
		};
		599F3A01169005FC006397CB /* Resources */ = {
			isa = PBXGroup;
			children = (
				59FD6B0716BA4DE9008C0A5A /* products */,
				599A174616B973E80084A562 /* UIElement */,
				599A174516B973470084A562 /* icon */,
				594F50C716B6503000C9D1E6 /* cafeStyle */,
				597E025216AEA345003785C9 /* root */,
				59117A20169C21D20043858B /* Localizable.strings */,
				598017D016B1366400AD3D1C /* cafeAbout.jpg */,
			);
			name = Resources;
			path = MoreCafe;
			sourceTree = "<group>";
		};
		599F3A05169006AA006397CB /* MaBase */ = {
			isa = PBXGroup;
			children = (
				593F58B416A473980005A82E /* MaScaleImageView.h */,
				593F58B516A473980005A82E /* MaScaleImageView.m */,
				59FC12A316A66C15006C5224 /* MaListCell.h */,
				59FC12A416A66C15006C5224 /* MaListCell.m */,
				590974CB169E9E8E0035A0B7 /* MaUtility.h */,
				590974CC169E9E8E0035A0B7 /* MaUtility.m */,
				59F24AD5169A01DC0068035E /* MaWeiboCell.h */,
				59F24AD6169A01DC0068035E /* MaWeiboCell.m */,
				5911792F169C18650043858B /* MaTimeLabel.h */,
				59117930169C18650043858B /* MaTimeLabel.m */,
			);
			name = MaBase;
			sourceTree = "<group>";
		};
		59AE4CF316996D8E007D7C99 /* Weibo */ = {
			isa = PBXGroup;
			children = (
				59AE4CF716996DAF007D7C99 /* SinaWeibo.bundle */,
				59AE4CF816996DAF007D7C99 /* SinaWeibo.h */,
				59AE4CF916996DAF007D7C99 /* SinaWeibo.m */,
				59AE4CFA16996DAF007D7C99 /* SinaWeiboAuthorizeView.h */,
				59AE4CFB16996DAF007D7C99 /* SinaWeiboAuthorizeView.m */,
				59AE4CFC16996DAF007D7C99 /* SinaWeiboConstants.h */,
				59AE4CFD16996DAF007D7C99 /* SinaWeiboRequest.h */,
				59AE4CFE16996DAF007D7C99 /* SinaWeiboRequest.m */,
				59AE4CF416996D9F007D7C99 /* JSONKit.h */,
				59AE4CF516996D9F007D7C99 /* JSONKit.m */,
			);
			name = Weibo;
			sourceTree = "<group>";
		};
		59AE4D1016997677007D7C99 /* ViewController */ = {
			isa = PBXGroup;
			children = (
				594DE7A716A51FDB009B784B /* Weibo */,
				599F39F7168EF4BC006397CB /* MaRootViewController.h */,
				599F39F8168EF4BC006397CB /* MaRootViewController.m */,
				59FC12A016A66B86006C5224 /* MaListViewController.h */,
				59FC12A116A66B86006C5224 /* MaListViewController.m */,
				598017CD16B12D9D00AD3D1C /* MaAboutViewController.h */,
				598017CE16B12D9D00AD3D1C /* MaAboutViewController.m */,
				5939109A16A98E70002A36F8 /* MaDetailViewController.h */,
				5939109B16A98E70002A36F8 /* MaDetailViewController.m */,
			);
			name = ViewController;
			sourceTree = "<group>";
		};
		59AE4D111699769A007D7C99 /* DataSource */ = {
			isa = PBXGroup;
			children = (
				59AE4D12169976E3007D7C99 /* dataFile.plist */,
				590974DE169E9FFA0035A0B7 /* css.plist */,
				5939107916A87176002A36F8 /* MaDataSourceManager.h */,
				5939107A16A87176002A36F8 /* MaDataSourceManager.m */,
				59CC08DA16AEACCB0013F460 /* proverb.plist */,
			);
			name = DataSource;
			sourceTree = "<group>";
		};
		59F24A9F1699DB970068035E /* 3rd */ = {
			isa = PBXGroup;
			children = (
				599E13CE16AFBEC100866BF1 /* BBCyclingLabel.h */,
				599E13CF16AFBEC100866BF1 /* BBCyclingLabel.m */,
				597E01CE16AE67A7003785C9 /* Notifacation */,
				597A6E3116AD260000C4414B /* resizeImage */,
				597A6E0D16AD256800C4414B /* actionSheet */,
				591179DD169C19FA0043858B /* NSDate+MaDate.h */,
				591179DE169C19FA0043858B /* NSDate+MaDate.m */,
				599F3A02169006A3006397CB /* UIBarButtonItem+StyledButton.h */,
				599F3A03169006A3006397CB /* UIBarButtonItem+StyledButton.m */,
				59F24AD8169A028B0068035E /* DTCoreText.xcodeproj */,
				59AE4CF316996D8E007D7C99 /* Weibo */,
				59F24AD3169A01770068035E /* RefreshTableHeaderView */,
				59F24AD4169A01860068035E /* AsyncImageView */,
			);
			name = 3rd;
			sourceTree = "<group>";
		};
		59F24AD3169A01770068035E /* RefreshTableHeaderView */ = {
			isa = PBXGroup;
			children = (
				59F24AA31699DBC20068035E /* EGORefreshTableHeaderView.h */,
				59F24AA41699DBC20068035E /* EGORefreshTableHeaderView.m */,
			);
			name = RefreshTableHeaderView;
			sourceTree = "<group>";
		};
		59F24AD4169A01860068035E /* AsyncImageView */ = {
			isa = PBXGroup;
			children = (
				59F24AA01699DBB60068035E /* AsyncImageView.h */,
				59F24AA11699DBB60068035E /* AsyncImageView.m */,
			);
			name = AsyncImageView;
			sourceTree = "<group>";
		};
		59F24AD9169A028B0068035E /* Products */ = {
			isa = PBXGroup;
			children = (
				59F24AED169A028B0068035E /* DemoApp.app */,
				59F24AEF169A028B0068035E /* DTCoreText.framework */,
				59F24AF1169A028B0068035E /* libDTCoreText.a */,
				59F24AF3169A028B0068035E /* UnitTest.octest */,
				59F24AF5169A028B0068035E /* MacUnitTest.octest */,
				59F24AF7169A028B0068035E /* libDTCoreText_no_DTFoundation.a */,
				59F24AF9169A028B0068035E /* DTCoreText.framework */,
			);
			name = Products;
			sourceTree = "<group>";
		};
/* End PBXGroup section */

/* Begin PBXNativeTarget section */
		263DFB1F1689346300C02B37 /* MoreCafe */ = {
			isa = PBXNativeTarget;
			buildConfigurationList = 263DFB3E1689346300C02B37 /* Build configuration list for PBXNativeTarget "MoreCafe" */;
			buildPhases = (
				263DFB1C1689346300C02B37 /* Sources */,
				263DFB1D1689346300C02B37 /* Frameworks */,
				263DFB1E1689346300C02B37 /* Resources */,
			);
			buildRules = (
			);
			dependencies = (
				59F24B02169A02C50068035E /* PBXTargetDependency */,
			);
			name = MoreCafe;
			productName = MoreCafe;
			productReference = 263DFB201689346300C02B37 /* MoreCafe.app */;
			productType = "com.apple.product-type.application";
		};
/* End PBXNativeTarget section */

/* Begin PBXProject section */
		263DFB171689346300C02B37 /* Project object */ = {
			isa = PBXProject;
			attributes = {
				CLASSPREFIX = magicapp;
				LastUpgradeCheck = 0460;
				ORGANIZATIONNAME = MagicApp;
			};
			buildConfigurationList = 263DFB1A1689346300C02B37 /* Build configuration list for PBXProject "MoreCafe" */;
			compatibilityVersion = "Xcode 3.2";
			developmentRegion = English;
			hasScannedForEncodings = 0;
			knownRegions = (
				en,
				"zh-Hans",
			);
			mainGroup = 263DFB151689346300C02B37;
			productRefGroup = 263DFB211689346300C02B37 /* Products */;
			projectDirPath = "";
			projectReferences = (
				{
					ProductGroup = 59F24AD9169A028B0068035E /* Products */;
					ProjectRef = 59F24AD8169A028B0068035E /* DTCoreText.xcodeproj */;
				},
			);
			projectRoot = "";
			targets = (
				263DFB1F1689346300C02B37 /* MoreCafe */,
			);
		};
/* End PBXProject section */

/* Begin PBXReferenceProxy section */
		59F24AED169A028B0068035E /* DemoApp.app */ = {
			isa = PBXReferenceProxy;
			fileType = wrapper.application;
			path = DemoApp.app;
			remoteRef = 59F24AEC169A028B0068035E /* PBXContainerItemProxy */;
			sourceTree = BUILT_PRODUCTS_DIR;
		};
		59F24AEF169A028B0068035E /* DTCoreText.framework */ = {
			isa = PBXReferenceProxy;
			fileType = wrapper.cfbundle;
			path = DTCoreText.framework;
			remoteRef = 59F24AEE169A028B0068035E /* PBXContainerItemProxy */;
			sourceTree = BUILT_PRODUCTS_DIR;
		};
		59F24AF1169A028B0068035E /* libDTCoreText.a */ = {
			isa = PBXReferenceProxy;
			fileType = archive.ar;
			path = libDTCoreText.a;
			remoteRef = 59F24AF0169A028B0068035E /* PBXContainerItemProxy */;
			sourceTree = BUILT_PRODUCTS_DIR;
		};
		59F24AF3169A028B0068035E /* UnitTest.octest */ = {
			isa = PBXReferenceProxy;
			fileType = wrapper.cfbundle;
			path = UnitTest.octest;
			remoteRef = 59F24AF2169A028B0068035E /* PBXContainerItemProxy */;
			sourceTree = BUILT_PRODUCTS_DIR;
		};
		59F24AF5169A028B0068035E /* MacUnitTest.octest */ = {
			isa = PBXReferenceProxy;
			fileType = wrapper.cfbundle;
			path = MacUnitTest.octest;
			remoteRef = 59F24AF4169A028B0068035E /* PBXContainerItemProxy */;
			sourceTree = BUILT_PRODUCTS_DIR;
		};
		59F24AF7169A028B0068035E /* libDTCoreText_no_DTFoundation.a */ = {
			isa = PBXReferenceProxy;
			fileType = archive.ar;
			path = libDTCoreText_no_DTFoundation.a;
			remoteRef = 59F24AF6169A028B0068035E /* PBXContainerItemProxy */;
			sourceTree = BUILT_PRODUCTS_DIR;
		};
		59F24AF9169A028B0068035E /* DTCoreText.framework */ = {
			isa = PBXReferenceProxy;
			fileType = wrapper.framework;
			path = DTCoreText.framework;
			remoteRef = 59F24AF8169A028B0068035E /* PBXContainerItemProxy */;
			sourceTree = BUILT_PRODUCTS_DIR;
		};
/* End PBXReferenceProxy section */

/* Begin PBXResourcesBuildPhase section */
		263DFB1E1689346300C02B37 /* Resources */ = {
			isa = PBXResourcesBuildPhase;
			buildActionMask = 2147483647;
			files = (
				599F3A081690071D006397CB /* backButtom.png in Resources */,
				599F3A091690071D006397CB /* backButtom@2x.png in Resources */,
				599F3A0C16900CBF006397CB /* rootbackground.png in Resources */,
				599F3A0D16900CBF006397CB /* rootbackground@2x.png in Resources */,
				59AE4CFF16996DAF007D7C99 /* SinaWeibo.bundle in Resources */,
				59AE4D13169976E3007D7C99 /* dataFile.plist in Resources */,
				59F24AB91699E1560068035E /* grayArrow.png in Resources */,
				59F24ABA1699E1560068035E /* grayArrow@2x.png in Resources */,
				59117A1E169C21D20043858B /* Localizable.strings in Resources */,
				59117A24169C233F0043858B /* InfoPlist.strings in Resources */,
				590974DF169E9FFA0035A0B7 /* css.plist in Resources */,
				59FC12A916A68C41006C5224 /* wall@2x.png in Resources */,
				593910AA16A9B9E5002A36F8 /* emptyImg.jpg in Resources */,
				597A6E2116AD257F00C4414B /* SheetBackground.png in Resources */,
				597A6E2216AD257F00C4414B /* SheetBackground@2x.png in Resources */,
				597A6E2316AD257F00C4414B /* SheetButtonDestroy@2x.png in Resources */,
				597A6E2416AD257F00C4414B /* SheetButtonDestroyTouch@2x.png in Resources */,
				597A6E2516AD257F00C4414B /* SheetButtonDismiss.png in Resources */,
				597A6E2616AD257F00C4414B /* SheetButtonDismiss@2x.png in Resources */,
				597A6E2716AD257F00C4414B /* SheetButtonDismissTouch.png in Resources */,
				597A6E2816AD257F00C4414B /* SheetButtonDismissTouch@2x.png in Resources */,
				597A6E2916AD257F00C4414B /* SheetButtonGeneric.png in Resources */,
				597A6E2A16AD257F00C4414B /* SheetButtonGeneric@2x.png in Resources */,
				597A6E2B16AD257F00C4414B /* SheetButtonGenericTouch.png in Resources */,
				597A6E2C16AD257F00C4414B /* SheetButtonGenericTouch@2x.png in Resources */,
				597A6E2D16AD257F00C4414B /* SheetButtonPrimary.png in Resources */,
				597A6E2E16AD257F00C4414B /* SheetButtonPrimary@2x.png in Resources */,
				597A6E2F16AD257F00C4414B /* SheetButtonPrimaryTouch.png in Resources */,
				597A6E3016AD257F00C4414B /* SheetButtonPrimaryTouch@2x.png in Resources */,
				597A6E3C16AD315000C4414B /* listCellbackground@2x.png in Resources */,
				59A7B21216AD45F200274869 /* weiboLoginButtom@2x.png in Resources */,
				59A7B21716AD54DE00274869 /* composeButtom.png in Resources */,
				59A7B21816AD54DE00274869 /* composeButtom@2x.png in Resources */,
				59A7B22F16AD5BF100274869 /* closeButtom.png in Resources */,
				59A7B23016AD5BF100274869 /* closeButtom@2x.png in Resources */,
				592D897D16ADBEBA00137A1B /* camera.png in Resources */,
				592D897E16ADBEBA00137A1B /* camera@2x.png in Resources */,
				592D899716ADC18700137A1B /* actionButtom.png in Resources */,
				592D899816ADC18700137A1B /* actionButtom@2x.png in Resources */,
				597E021916AE7FF0003785C9 /* NoticeView.bundle in Resources */,
				597E024B16AEA33D003785C9 /* weibo.jpg in Resources */,
				597E024D16AEA33D003785C9 /* food.jpg in Resources */,
				597E024E16AEA33D003785C9 /* cafe.jpg in Resources */,
				597E024F16AEA33D003785C9 /* activities.jpg in Resources */,
				597E025016AEA33D003785C9 /* about.jpg in Resources */,
				597E025116AEA33D003785C9 /* tea.jpg in Resources */,
				597E025416AEA37D003785C9 /* new.jpg in Resources */,
				59CC08DB16AEACCB0013F460 /* proverb.plist in Resources */,
				599E13D216AFCC5600866BF1 /* artFrameLight@2x.png in Resources */,
				598017D116B1366400AD3D1C /* cafeAbout.jpg in Resources */,
				260405C616B197EC00BF5BCE /* sendButtom.png in Resources */,
				260405C716B197EC00BF5BCE /* sendButtom@2x.png in Resources */,
				591CC63216B5077300B19197 /* weiboLoginBackground@2x.png in Resources */,
				599A174816B9749F0084A562 /* emptyImg@2x.jpg in Resources */,
				599A174A16B974DE0084A562 /* artFrameLight.png in Resources */,
				599A174C16B9754D0084A562 /* wall.png in Resources */,
				599A174E16B9758F0084A562 /* listCellbackground.png in Resources */,
				599A175016B975D30084A562 /* weiboLoginButtom.png in Resources */,
				599A175B16B976720084A562 /* about@2x.png in Resources */,
				599A175C16B976720084A562 /* activities@2x.png in Resources */,
				599A175D16B976720084A562 /* cafe@2x.png in Resources */,
				599A175E16B976720084A562 /* food@2x.png in Resources */,
				599A175F16B976720084A562 /* navBar@2x.png in Resources */,
				599A176016B976720084A562 /* new@2x.png in Resources */,
				599A176116B976720084A562 /* share@2x.png in Resources */,
				599A176216B976720084A562 /* tea@2x.png in Resources */,
				599A176316B976720084A562 /* toobarBackground@2x.png in Resources */,
				599A176416B976720084A562 /* weibo@2x.png in Resources */,
				599A176716B97C820084A562 /* maps.jpg in Resources */,
				599A176816B97C820084A562 /* maps@2x.jpg in Resources */,
				599A177D16B980E70084A562 /* weiboLoginBackground.png in Resources */,
				599A178116B983F80084A562 /* weiboLoginBackground-568h@2x.png in Resources */,
				599A179E16B9862A0084A562 /* Default-568h@2x.png in Resources */,
				599A179F16B9862A0084A562 /* Default.png in Resources */,
				599A17A016B9862A0084A562 /* Default@2x.png in Resources */,
				599A17A216B987360084A562 /* icon114.png in Resources */,
				599A17A416B9873A0084A562 /* icon57.png in Resources */,
				59FD6B0816BA4DE9008C0A5A /* products in Resources */,
				59FD6B0A16BA6CDF008C0A5A /* bottomStyle@2x.png in Resources */,
			);
			runOnlyForDeploymentPostprocessing = 0;
		};
/* End PBXResourcesBuildPhase section */

/* Begin PBXSourcesBuildPhase section */
		263DFB1C1689346300C02B37 /* Sources */ = {
			isa = PBXSourcesBuildPhase;
			buildActionMask = 2147483647;
			files = (
				599F39F9168EF4BC006397CB /* MaRootViewController.m in Sources */,
				599F3A04169006A3006397CB /* UIBarButtonItem+StyledButton.m in Sources */,
				59AE4CEF16996D2D007D7C99 /* main.m in Sources */,
				59AE4CF616996D9F007D7C99 /* JSONKit.m in Sources */,
				59AE4D0016996DAF007D7C99 /* SinaWeibo.m in Sources */,
				59AE4D0116996DAF007D7C99 /* SinaWeiboAuthorizeView.m in Sources */,
				59AE4D0216996DAF007D7C99 /* SinaWeiboRequest.m in Sources */,
				59F24A9E1699DA310068035E /* MaWeiboViewController.m in Sources */,
				59F24AA21699DBB60068035E /* AsyncImageView.m in Sources */,
				59F24AA51699DBC20068035E /* EGORefreshTableHeaderView.m in Sources */,
				59F24AD7169A01DC0068035E /* MaWeiboCell.m in Sources */,
				59AC4B2E169B42430034919E /* MoreCafeAppDelegate.m in Sources */,
				59117931169C18650043858B /* MaTimeLabel.m in Sources */,
				591179DF169C19FA0043858B /* NSDate+MaDate.m in Sources */,
				590974CD169E9E8E0035A0B7 /* MaUtility.m in Sources */,
				593F58B616A473980005A82E /* MaScaleImageView.m in Sources */,
				59FC12A216A66B86006C5224 /* MaListViewController.m in Sources */,
				59FC12A516A66C15006C5224 /* MaListCell.m in Sources */,
				5939107B16A87176002A36F8 /* MaDataSourceManager.m in Sources */,
				5939109C16A98E70002A36F8 /* MaDetailViewController.m in Sources */,
				597A6E0C16AD24B000C4414B /* MaPostController.m in Sources */,
				597A6E1016AD257300C4414B /* RDActionSheet.m in Sources */,
				597A6E3816AD260A00C4414B /* UIImage+Alpha.m in Sources */,
				597A6E3916AD260A00C4414B /* UIImage+Resize.m in Sources */,
				597A6E3A16AD260A00C4414B /* UIImage+RoundedCorner.m in Sources */,
				597E021A16AE7FF0003785C9 /* UILabel+WBExtensions.m in Sources */,
				597E021B16AE7FF0003785C9 /* WBBlueGradientView.m in Sources */,
				597E021C16AE7FF0003785C9 /* WBErrorNoticeView.m in Sources */,
				597E021D16AE7FF0003785C9 /* WBGrayGradientView.m in Sources */,
				597E021E16AE7FF0003785C9 /* WBNoticeView.m in Sources */,
				597E021F16AE7FF0003785C9 /* WBRedGradientView.m in Sources */,
				597E022016AE7FF0003785C9 /* WBStickyNoticeView.m in Sources */,
				597E022116AE7FF0003785C9 /* WBSuccessNoticeView.m in Sources */,
				599E13D016AFBEC100866BF1 /* BBCyclingLabel.m in Sources */,
				598017CF16B12D9D00AD3D1C /* MaAboutViewController.m in Sources */,
			);
			runOnlyForDeploymentPostprocessing = 0;
		};
/* End PBXSourcesBuildPhase section */

/* Begin PBXTargetDependency section */
		59F24B02169A02C50068035E /* PBXTargetDependency */ = {
			isa = PBXTargetDependency;
			name = "Static Library";
			targetProxy = 59F24B01169A02C50068035E /* PBXContainerItemProxy */;
		};
/* End PBXTargetDependency section */

/* Begin PBXVariantGroup section */
		59117A20169C21D20043858B /* Localizable.strings */ = {
			isa = PBXVariantGroup;
			children = (
				59117A1F169C21D20043858B /* en */,
				59117A21169C21D50043858B /* zh-Hans */,
			);
			name = Localizable.strings;
			path = Resources;
			sourceTree = "<group>";
		};
		59117A26169C233F0043858B /* InfoPlist.strings */ = {
			isa = PBXVariantGroup;
			children = (
				59117A25169C233F0043858B /* en */,
				59117A27169C23450043858B /* zh-Hans */,
			);
			name = InfoPlist.strings;
			path = Resources;
			sourceTree = "<group>";
		};
/* End PBXVariantGroup section */

/* Begin XCBuildConfiguration section */
		263DFB3C1689346300C02B37 /* Debug */ = {
			isa = XCBuildConfiguration;
			buildSettings = {
				ALWAYS_SEARCH_USER_PATHS = NO;
				CLANG_CXX_LANGUAGE_STANDARD = "gnu++0x";
				CLANG_CXX_LIBRARY = "libc++";
				CLANG_ENABLE_OBJC_ARC = YES;
				CLANG_WARN_EMPTY_BODY = YES;
				CLANG_WARN__DUPLICATE_METHOD_MATCH = YES;
				"CODE_SIGN_IDENTITY[sdk=iphoneos*]" = "iPhone Developer";
				COPY_PHASE_STRIP = NO;
				GCC_C_LANGUAGE_STANDARD = gnu99;
				GCC_DYNAMIC_NO_PIC = NO;
				GCC_OPTIMIZATION_LEVEL = 0;
				GCC_PREPROCESSOR_DEFINITIONS = (
					"DEBUG=1",
					"$(inherited)",
				);
				GCC_SYMBOLS_PRIVATE_EXTERN = NO;
				GCC_WARN_ABOUT_RETURN_TYPE = YES;
				GCC_WARN_UNINITIALIZED_AUTOS = YES;
				GCC_WARN_UNUSED_VARIABLE = YES;
				IPHONEOS_DEPLOYMENT_TARGET = 6.0;
				ONLY_ACTIVE_ARCH = YES;
				SDKROOT = iphoneos;
			};
			name = Debug;
		};
		263DFB3D1689346300C02B37 /* Release */ = {
			isa = XCBuildConfiguration;
			buildSettings = {
				ALWAYS_SEARCH_USER_PATHS = NO;
				CLANG_CXX_LANGUAGE_STANDARD = "gnu++0x";
				CLANG_CXX_LIBRARY = "libc++";
				CLANG_ENABLE_OBJC_ARC = YES;
				CLANG_WARN_EMPTY_BODY = YES;
				CLANG_WARN__DUPLICATE_METHOD_MATCH = YES;
				"CODE_SIGN_IDENTITY[sdk=iphoneos*]" = "iPhone Developer";
				COPY_PHASE_STRIP = YES;
				GCC_C_LANGUAGE_STANDARD = gnu99;
				GCC_WARN_ABOUT_RETURN_TYPE = YES;
				GCC_WARN_UNINITIALIZED_AUTOS = YES;
				GCC_WARN_UNUSED_VARIABLE = YES;
				IPHONEOS_DEPLOYMENT_TARGET = 6.0;
				OTHER_CFLAGS = "-DNS_BLOCK_ASSERTIONS=1";
				SDKROOT = iphoneos;
				VALIDATE_PRODUCT = YES;
			};
			name = Release;
		};
		263DFB3F1689346300C02B37 /* Debug */ = {
			isa = XCBuildConfiguration;
			buildSettings = {
				GCC_PRECOMPILE_PREFIX_HEADER = YES;
				GCC_PREFIX_HEADER = "MoreCafe/MoreCafe-Prefix.pch";
				INFOPLIST_FILE = "MoreCafe/MoreCafe-Info.plist";
				IPHONEOS_DEPLOYMENT_TARGET = 5.0;
				OTHER_LDFLAGS = (
					"-ObjC",
					"-all_load",
				);
				PRODUCT_NAME = "$(TARGET_NAME)";
				USER_HEADER_SEARCH_PATHS = "\"$(SRCROOT)/MoreCafe/src/3rd/DTCoreText/Core/Source\"  \"$(SRCROOT)/MoreCafe/src/3rd/DTCoreText/Core/Externals/DTFoundation/Core\" \"$(SRCROOT)/MoreCafe/src/3rd/DTCoreText/Core/Externals/DTFoundation/Core/Source\" ";
				WRAPPER_EXTENSION = app;
			};
			name = Debug;
		};
		263DFB401689346300C02B37 /* Release */ = {
			isa = XCBuildConfiguration;
			buildSettings = {
				GCC_PRECOMPILE_PREFIX_HEADER = YES;
				GCC_PREFIX_HEADER = "MoreCafe/MoreCafe-Prefix.pch";
				INFOPLIST_FILE = "MoreCafe/MoreCafe-Info.plist";
				IPHONEOS_DEPLOYMENT_TARGET = 5.0;
				OTHER_LDFLAGS = (
					"-ObjC",
					"-all_load",
				);
				PRODUCT_NAME = "$(TARGET_NAME)";
				USER_HEADER_SEARCH_PATHS = "\"$(SRCROOT)/MoreCafe/src/3rd/DTCoreText/Core/Source\"  \"$(SRCROOT)/MoreCafe/src/3rd/DTCoreText/Core/Externals/DTFoundation/Core\" \"$(SRCROOT)/MoreCafe/src/3rd/DTCoreText/Core/Externals/DTFoundation/Core/Source\" ";
				WRAPPER_EXTENSION = app;
			};
			name = Release;
		};
/* End XCBuildConfiguration section */

/* Begin XCConfigurationList section */
		263DFB1A1689346300C02B37 /* Build configuration list for PBXProject "MoreCafe" */ = {
			isa = XCConfigurationList;
			buildConfigurations = (
				263DFB3C1689346300C02B37 /* Debug */,
				263DFB3D1689346300C02B37 /* Release */,
			);
			defaultConfigurationIsVisible = 0;
			defaultConfigurationName = Release;
		};
		263DFB3E1689346300C02B37 /* Build configuration list for PBXNativeTarget "MoreCafe" */ = {
			isa = XCConfigurationList;
			buildConfigurations = (
				263DFB3F1689346300C02B37 /* Debug */,
				263DFB401689346300C02B37 /* Release */,
			);
			defaultConfigurationIsVisible = 0;
			defaultConfigurationName = Release;
		};
/* End XCConfigurationList section */
	};
	rootObject = 263DFB171689346300C02B37 /* Project object */;
}
