// !$*UTF8*$!
{
	archiveVersion = 1;
	classes = {
	};
	objectVersion = 46;
	objects = {

/* Begin PBXBuildFile section */
		263DFB251689346300C02B37 /* UIKit.framework in Frameworks */ = {isa = PBXBuildFile; fileRef = 263DFB241689346300C02B37 /* UIKit.framework */; };
		263DFB271689346300C02B37 /* Foundation.framework in Frameworks */ = {isa = PBXBuildFile; fileRef = 263DFB261689346300C02B37 /* Foundation.framework */; };
		263DFB291689346300C02B37 /* CoreGraphics.framework in Frameworks */ = {isa = PBXBuildFile; fileRef = 263DFB281689346300C02B37 /* CoreGraphics.framework */; };
		263DFB2F1689346300C02B37 /* InfoPlist.strings in Resources */ = {isa = PBXBuildFile; fileRef = 263DFB2D1689346300C02B37 /* InfoPlist.strings */; };
		263DFB371689346300C02B37 /* Default.png in Resources */ = {isa = PBXBuildFile; fileRef = 263DFB361689346300C02B37 /* Default.png */; };
		263DFB391689346300C02B37 /* Default@2x.png in Resources */ = {isa = PBXBuildFile; fileRef = 263DFB381689346300C02B37 /* Default@2x.png */; };
		263DFB3B1689346300C02B37 /* Default-568h@2x.png in Resources */ = {isa = PBXBuildFile; fileRef = 263DFB3A1689346300C02B37 /* Default-568h@2x.png */; };
		599F39F9168EF4BC006397CB /* MaRootViewController.m in Sources */ = {isa = PBXBuildFile; fileRef = 599F39F8168EF4BC006397CB /* MaRootViewController.m */; };
		599F39FC168FFD4F006397CB /* MaSubItemController.m in Sources */ = {isa = PBXBuildFile; fileRef = 599F39FB168FFD4F006397CB /* MaSubItemController.m */; };
		599F39FF169005F8006397CB /* navbar.png in Resources */ = {isa = PBXBuildFile; fileRef = 599F39FD169005F8006397CB /* navbar.png */; };
		599F3A00169005F8006397CB /* navbar@2x.png in Resources */ = {isa = PBXBuildFile; fileRef = 599F39FE169005F8006397CB /* navbar@2x.png */; };
		599F3A04169006A3006397CB /* UIBarButtonItem+StyledButton.m in Sources */ = {isa = PBXBuildFile; fileRef = 599F3A03169006A3006397CB /* UIBarButtonItem+StyledButton.m */; };
		599F3A081690071D006397CB /* backButtom.png in Resources */ = {isa = PBXBuildFile; fileRef = 599F3A061690071D006397CB /* backButtom.png */; };
		599F3A091690071D006397CB /* backButtom@2x.png in Resources */ = {isa = PBXBuildFile; fileRef = 599F3A071690071D006397CB /* backButtom@2x.png */; };
		599F3A0C16900CBF006397CB /* rootbackground.png in Resources */ = {isa = PBXBuildFile; fileRef = 599F3A0A16900CBF006397CB /* rootbackground.png */; };
		599F3A0D16900CBF006397CB /* rootbackground@2x.png in Resources */ = {isa = PBXBuildFile; fileRef = 599F3A0B16900CBF006397CB /* rootbackground@2x.png */; };
		59AE4CEC16996D20007D7C99 /* magicappAppDelegate.m in Sources */ = {isa = PBXBuildFile; fileRef = 59AE4CEB16996D20007D7C99 /* magicappAppDelegate.m */; };
		59AE4CEF16996D2D007D7C99 /* main.m in Sources */ = {isa = PBXBuildFile; fileRef = 59AE4CEE16996D2D007D7C99 /* main.m */; };
		59AE4CF216996D50007D7C99 /* MaDataSourceController.m in Sources */ = {isa = PBXBuildFile; fileRef = 59AE4CF116996D50007D7C99 /* MaDataSourceController.m */; };
		59AE4CF616996D9F007D7C99 /* JSONKit.m in Sources */ = {isa = PBXBuildFile; fileRef = 59AE4CF516996D9F007D7C99 /* JSONKit.m */; settings = {COMPILER_FLAGS = "-fno-objc-arc"; }; };
		59AE4CFF16996DAF007D7C99 /* SinaWeibo.bundle in Resources */ = {isa = PBXBuildFile; fileRef = 59AE4CF716996DAF007D7C99 /* SinaWeibo.bundle */; };
		59AE4D0016996DAF007D7C99 /* SinaWeibo.m in Sources */ = {isa = PBXBuildFile; fileRef = 59AE4CF916996DAF007D7C99 /* SinaWeibo.m */; settings = {COMPILER_FLAGS = "-fno-objc-arc"; }; };
		59AE4D0116996DAF007D7C99 /* SinaWeiboAuthorizeView.m in Sources */ = {isa = PBXBuildFile; fileRef = 59AE4CFB16996DAF007D7C99 /* SinaWeiboAuthorizeView.m */; settings = {COMPILER_FLAGS = "-fno-objc-arc"; }; };
		59AE4D0216996DAF007D7C99 /* SinaWeiboRequest.m in Sources */ = {isa = PBXBuildFile; fileRef = 59AE4CFE16996DAF007D7C99 /* SinaWeiboRequest.m */; settings = {COMPILER_FLAGS = "-fno-objc-arc"; }; };
/* End PBXBuildFile section */

/* Begin PBXFileReference section */
		263DFB201689346300C02B37 /* MoreCafe.app */ = {isa = PBXFileReference; explicitFileType = wrapper.application; includeInIndex = 0; path = MoreCafe.app; sourceTree = BUILT_PRODUCTS_DIR; };
		263DFB241689346300C02B37 /* UIKit.framework */ = {isa = PBXFileReference; lastKnownFileType = wrapper.framework; name = UIKit.framework; path = System/Library/Frameworks/UIKit.framework; sourceTree = SDKROOT; };
		263DFB261689346300C02B37 /* Foundation.framework */ = {isa = PBXFileReference; lastKnownFileType = wrapper.framework; name = Foundation.framework; path = System/Library/Frameworks/Foundation.framework; sourceTree = SDKROOT; };
		263DFB281689346300C02B37 /* CoreGraphics.framework */ = {isa = PBXFileReference; lastKnownFileType = wrapper.framework; name = CoreGraphics.framework; path = System/Library/Frameworks/CoreGraphics.framework; sourceTree = SDKROOT; };
		263DFB2C1689346300C02B37 /* MoreCafe-Info.plist */ = {isa = PBXFileReference; lastKnownFileType = text.plist.xml; path = "MoreCafe-Info.plist"; sourceTree = "<group>"; };
		263DFB2E1689346300C02B37 /* en */ = {isa = PBXFileReference; lastKnownFileType = text.plist.strings; name = en; path = en.lproj/InfoPlist.strings; sourceTree = "<group>"; };
		263DFB321689346300C02B37 /* MoreCafe-Prefix.pch */ = {isa = PBXFileReference; lastKnownFileType = sourcecode.c.h; path = "MoreCafe-Prefix.pch"; sourceTree = "<group>"; };
		263DFB361689346300C02B37 /* Default.png */ = {isa = PBXFileReference; lastKnownFileType = image.png; path = Default.png; sourceTree = "<group>"; };
		263DFB381689346300C02B37 /* Default@2x.png */ = {isa = PBXFileReference; lastKnownFileType = image.png; path = "Default@2x.png"; sourceTree = "<group>"; };
		263DFB3A1689346300C02B37 /* Default-568h@2x.png */ = {isa = PBXFileReference; lastKnownFileType = image.png; path = "Default-568h@2x.png"; sourceTree = "<group>"; };
		599F39F7168EF4BC006397CB /* MaRootViewController.h */ = {isa = PBXFileReference; fileEncoding = 4; lastKnownFileType = sourcecode.c.h; name = MaRootViewController.h; path = src/MaRootViewController.h; sourceTree = "<group>"; };
		599F39F8168EF4BC006397CB /* MaRootViewController.m */ = {isa = PBXFileReference; fileEncoding = 4; lastKnownFileType = sourcecode.c.objc; name = MaRootViewController.m; path = src/MaRootViewController.m; sourceTree = "<group>"; };
		599F39FA168FFD4F006397CB /* MaSubItemController.h */ = {isa = PBXFileReference; fileEncoding = 4; lastKnownFileType = sourcecode.c.h; name = MaSubItemController.h; path = src/MaSubItemController.h; sourceTree = "<group>"; };
		599F39FB168FFD4F006397CB /* MaSubItemController.m */ = {isa = PBXFileReference; fileEncoding = 4; lastKnownFileType = sourcecode.c.objc; name = MaSubItemController.m; path = src/MaSubItemController.m; sourceTree = "<group>"; };
		599F39FD169005F8006397CB /* navbar.png */ = {isa = PBXFileReference; lastKnownFileType = image.png; name = navbar.png; path = Resources/navbar.png; sourceTree = "<group>"; };
		599F39FE169005F8006397CB /* navbar@2x.png */ = {isa = PBXFileReference; lastKnownFileType = image.png; name = "navbar@2x.png"; path = "Resources/navbar@2x.png"; sourceTree = "<group>"; };
		599F3A02169006A3006397CB /* UIBarButtonItem+StyledButton.h */ = {isa = PBXFileReference; fileEncoding = 4; lastKnownFileType = sourcecode.c.h; name = "UIBarButtonItem+StyledButton.h"; path = "src/UIBarButtonItem+StyledButton.h"; sourceTree = "<group>"; };
		599F3A03169006A3006397CB /* UIBarButtonItem+StyledButton.m */ = {isa = PBXFileReference; fileEncoding = 4; lastKnownFileType = sourcecode.c.objc; name = "UIBarButtonItem+StyledButton.m"; path = "src/UIBarButtonItem+StyledButton.m"; sourceTree = "<group>"; };
		599F3A061690071D006397CB /* backButtom.png */ = {isa = PBXFileReference; lastKnownFileType = image.png; name = backButtom.png; path = Resources/backButtom.png; sourceTree = "<group>"; };
		599F3A071690071D006397CB /* backButtom@2x.png */ = {isa = PBXFileReference; lastKnownFileType = image.png; name = "backButtom@2x.png"; path = "Resources/backButtom@2x.png"; sourceTree = "<group>"; };
		599F3A0A16900CBF006397CB /* rootbackground.png */ = {isa = PBXFileReference; lastKnownFileType = image.png; name = rootbackground.png; path = Resources/rootbackground.png; sourceTree = "<group>"; };
		599F3A0B16900CBF006397CB /* rootbackground@2x.png */ = {isa = PBXFileReference; lastKnownFileType = image.png; name = "rootbackground@2x.png"; path = "Resources/rootbackground@2x.png"; sourceTree = "<group>"; };
		59AE4CEA16996D20007D7C99 /* magicappAppDelegate.h */ = {isa = PBXFileReference; fileEncoding = 4; lastKnownFileType = sourcecode.c.h; name = magicappAppDelegate.h; path = src/magicappAppDelegate.h; sourceTree = "<group>"; };
		59AE4CEB16996D20007D7C99 /* magicappAppDelegate.m */ = {isa = PBXFileReference; fileEncoding = 4; lastKnownFileType = sourcecode.c.objc; name = magicappAppDelegate.m; path = src/magicappAppDelegate.m; sourceTree = "<group>"; };
		59AE4CEE16996D2D007D7C99 /* main.m */ = {isa = PBXFileReference; fileEncoding = 4; lastKnownFileType = sourcecode.c.objc; name = main.m; path = src/main.m; sourceTree = "<group>"; };
		59AE4CF016996D50007D7C99 /* MaDataSourceController.h */ = {isa = PBXFileReference; fileEncoding = 4; lastKnownFileType = sourcecode.c.h; name = MaDataSourceController.h; path = src/MaDataSourceController.h; sourceTree = "<group>"; };
		59AE4CF116996D50007D7C99 /* MaDataSourceController.m */ = {isa = PBXFileReference; fileEncoding = 4; lastKnownFileType = sourcecode.c.objc; name = MaDataSourceController.m; path = src/MaDataSourceController.m; sourceTree = "<group>"; };
		59AE4CF416996D9F007D7C99 /* JSONKit.h */ = {isa = PBXFileReference; fileEncoding = 4; lastKnownFileType = sourcecode.c.h; name = JSONKit.h; path = src/Weibo/JSONKit/JSONKit.h; sourceTree = "<group>"; };
		59AE4CF516996D9F007D7C99 /* JSONKit.m */ = {isa = PBXFileReference; fileEncoding = 4; lastKnownFileType = sourcecode.c.objc; name = JSONKit.m; path = src/Weibo/JSONKit/JSONKit.m; sourceTree = "<group>"; };
		59AE4CF716996DAF007D7C99 /* SinaWeibo.bundle */ = {isa = PBXFileReference; lastKnownFileType = "wrapper.plug-in"; name = SinaWeibo.bundle; path = src/Weibo/SinaWeibo/SinaWeibo.bundle; sourceTree = "<group>"; };
		59AE4CF816996DAF007D7C99 /* SinaWeibo.h */ = {isa = PBXFileReference; fileEncoding = 4; lastKnownFileType = sourcecode.c.h; name = SinaWeibo.h; path = src/Weibo/SinaWeibo/SinaWeibo.h; sourceTree = "<group>"; };
		59AE4CF916996DAF007D7C99 /* SinaWeibo.m */ = {isa = PBXFileReference; fileEncoding = 4; lastKnownFileType = sourcecode.c.objc; name = SinaWeibo.m; path = src/Weibo/SinaWeibo/SinaWeibo.m; sourceTree = "<group>"; };
		59AE4CFA16996DAF007D7C99 /* SinaWeiboAuthorizeView.h */ = {isa = PBXFileReference; fileEncoding = 4; lastKnownFileType = sourcecode.c.h; name = SinaWeiboAuthorizeView.h; path = src/Weibo/SinaWeibo/SinaWeiboAuthorizeView.h; sourceTree = "<group>"; };
		59AE4CFB16996DAF007D7C99 /* SinaWeiboAuthorizeView.m */ = {isa = PBXFileReference; fileEncoding = 4; lastKnownFileType = sourcecode.c.objc; name = SinaWeiboAuthorizeView.m; path = src/Weibo/SinaWeibo/SinaWeiboAuthorizeView.m; sourceTree = "<group>"; };
		59AE4CFC16996DAF007D7C99 /* SinaWeiboConstants.h */ = {isa = PBXFileReference; fileEncoding = 4; lastKnownFileType = sourcecode.c.h; name = SinaWeiboConstants.h; path = src/Weibo/SinaWeibo/SinaWeiboConstants.h; sourceTree = "<group>"; };
		59AE4CFD16996DAF007D7C99 /* SinaWeiboRequest.h */ = {isa = PBXFileReference; fileEncoding = 4; lastKnownFileType = sourcecode.c.h; name = SinaWeiboRequest.h; path = src/Weibo/SinaWeibo/SinaWeiboRequest.h; sourceTree = "<group>"; };
		59AE4CFE16996DAF007D7C99 /* SinaWeiboRequest.m */ = {isa = PBXFileReference; fileEncoding = 4; lastKnownFileType = sourcecode.c.objc; name = SinaWeiboRequest.m; path = src/Weibo/SinaWeibo/SinaWeiboRequest.m; sourceTree = "<group>"; };
/* End PBXFileReference section */

/* Begin PBXFrameworksBuildPhase section */
		263DFB1D1689346300C02B37 /* Frameworks */ = {
			isa = PBXFrameworksBuildPhase;
			buildActionMask = 2147483647;
			files = (
				263DFB251689346300C02B37 /* UIKit.framework in Frameworks */,
				263DFB271689346300C02B37 /* Foundation.framework in Frameworks */,
				263DFB291689346300C02B37 /* CoreGraphics.framework in Frameworks */,
			);
			runOnlyForDeploymentPostprocessing = 0;
		};
/* End PBXFrameworksBuildPhase section */

/* Begin PBXGroup section */
		263DFB151689346300C02B37 = {
			isa = PBXGroup;
			children = (
				263DFB2A1689346300C02B37 /* MoreCafe */,
				599F3A01169005FC006397CB /* Resources */,
				263DFB231689346300C02B37 /* Frameworks */,
				263DFB211689346300C02B37 /* Products */,
			);
			sourceTree = "<group>";
		};
		263DFB211689346300C02B37 /* Products */ = {
			isa = PBXGroup;
			children = (
				263DFB201689346300C02B37 /* MoreCafe.app */,
			);
			name = Products;
			sourceTree = "<group>";
		};
		263DFB231689346300C02B37 /* Frameworks */ = {
			isa = PBXGroup;
			children = (
				263DFB241689346300C02B37 /* UIKit.framework */,
				263DFB261689346300C02B37 /* Foundation.framework */,
				263DFB281689346300C02B37 /* CoreGraphics.framework */,
			);
			name = Frameworks;
			sourceTree = "<group>";
		};
		263DFB2A1689346300C02B37 /* MoreCafe */ = {
			isa = PBXGroup;
			children = (
				59AE4CF316996D8E007D7C99 /* Weibo */,
				59AE4CF016996D50007D7C99 /* MaDataSourceController.h */,
				59AE4CF116996D50007D7C99 /* MaDataSourceController.m */,
				59AE4CEA16996D20007D7C99 /* magicappAppDelegate.h */,
				59AE4CEB16996D20007D7C99 /* magicappAppDelegate.m */,
				263DFB2B1689346300C02B37 /* Supporting Files */,
				599F39F7168EF4BC006397CB /* MaRootViewController.h */,
				599F39F8168EF4BC006397CB /* MaRootViewController.m */,
				599F39FA168FFD4F006397CB /* MaSubItemController.h */,
				599F39FB168FFD4F006397CB /* MaSubItemController.m */,
				599F3A05169006AA006397CB /* MaBase */,
			);
			path = MoreCafe;
			sourceTree = "<group>";
		};
		263DFB2B1689346300C02B37 /* Supporting Files */ = {
			isa = PBXGroup;
			children = (
				263DFB2C1689346300C02B37 /* MoreCafe-Info.plist */,
				263DFB2D1689346300C02B37 /* InfoPlist.strings */,
				59AE4CEE16996D2D007D7C99 /* main.m */,
				263DFB321689346300C02B37 /* MoreCafe-Prefix.pch */,
				263DFB361689346300C02B37 /* Default.png */,
				263DFB381689346300C02B37 /* Default@2x.png */,
				263DFB3A1689346300C02B37 /* Default-568h@2x.png */,
			);
			name = "Supporting Files";
			sourceTree = "<group>";
		};
		599F3A01169005FC006397CB /* Resources */ = {
			isa = PBXGroup;
			children = (
				599F3A0A16900CBF006397CB /* rootbackground.png */,
				599F3A0B16900CBF006397CB /* rootbackground@2x.png */,
				599F3A061690071D006397CB /* backButtom.png */,
				599F3A071690071D006397CB /* backButtom@2x.png */,
				599F39FD169005F8006397CB /* navbar.png */,
				599F39FE169005F8006397CB /* navbar@2x.png */,
			);
			name = Resources;
			path = MoreCafe;
			sourceTree = "<group>";
		};
		599F3A05169006AA006397CB /* MaBase */ = {
			isa = PBXGroup;
			children = (
				599F3A02169006A3006397CB /* UIBarButtonItem+StyledButton.h */,
				599F3A03169006A3006397CB /* UIBarButtonItem+StyledButton.m */,
			);
			name = MaBase;
			sourceTree = "<group>";
		};
		59AE4CF316996D8E007D7C99 /* Weibo */ = {
			isa = PBXGroup;
			children = (
				59AE4CF716996DAF007D7C99 /* SinaWeibo.bundle */,
				59AE4CF816996DAF007D7C99 /* SinaWeibo.h */,
				59AE4CF916996DAF007D7C99 /* SinaWeibo.m */,
				59AE4CFA16996DAF007D7C99 /* SinaWeiboAuthorizeView.h */,
				59AE4CFB16996DAF007D7C99 /* SinaWeiboAuthorizeView.m */,
				59AE4CFC16996DAF007D7C99 /* SinaWeiboConstants.h */,
				59AE4CFD16996DAF007D7C99 /* SinaWeiboRequest.h */,
				59AE4CFE16996DAF007D7C99 /* SinaWeiboRequest.m */,
				59AE4CF416996D9F007D7C99 /* JSONKit.h */,
				59AE4CF516996D9F007D7C99 /* JSONKit.m */,
			);
			name = Weibo;
			sourceTree = "<group>";
		};
/* End PBXGroup section */

/* Begin PBXNativeTarget section */
		263DFB1F1689346300C02B37 /* MoreCafe */ = {
			isa = PBXNativeTarget;
			buildConfigurationList = 263DFB3E1689346300C02B37 /* Build configuration list for PBXNativeTarget "MoreCafe" */;
			buildPhases = (
				263DFB1C1689346300C02B37 /* Sources */,
				263DFB1D1689346300C02B37 /* Frameworks */,
				263DFB1E1689346300C02B37 /* Resources */,
			);
			buildRules = (
			);
			dependencies = (
			);
			name = MoreCafe;
			productName = MoreCafe;
			productReference = 263DFB201689346300C02B37 /* MoreCafe.app */;
			productType = "com.apple.product-type.application";
		};
/* End PBXNativeTarget section */

/* Begin PBXProject section */
		263DFB171689346300C02B37 /* Project object */ = {
			isa = PBXProject;
			attributes = {
				CLASSPREFIX = magicapp;
				LastUpgradeCheck = 0450;
				ORGANIZATIONNAME = MagicApp;
			};
			buildConfigurationList = 263DFB1A1689346300C02B37 /* Build configuration list for PBXProject "MoreCafe" */;
			compatibilityVersion = "Xcode 3.2";
			developmentRegion = English;
			hasScannedForEncodings = 0;
			knownRegions = (
				en,
			);
			mainGroup = 263DFB151689346300C02B37;
			productRefGroup = 263DFB211689346300C02B37 /* Products */;
			projectDirPath = "";
			projectRoot = "";
			targets = (
				263DFB1F1689346300C02B37 /* MoreCafe */,
			);
		};
/* End PBXProject section */

/* Begin PBXResourcesBuildPhase section */
		263DFB1E1689346300C02B37 /* Resources */ = {
			isa = PBXResourcesBuildPhase;
			buildActionMask = 2147483647;
			files = (
				263DFB2F1689346300C02B37 /* InfoPlist.strings in Resources */,
				263DFB371689346300C02B37 /* Default.png in Resources */,
				263DFB391689346300C02B37 /* Default@2x.png in Resources */,
				263DFB3B1689346300C02B37 /* Default-568h@2x.png in Resources */,
				599F39FF169005F8006397CB /* navbar.png in Resources */,
				599F3A00169005F8006397CB /* navbar@2x.png in Resources */,
				599F3A081690071D006397CB /* backButtom.png in Resources */,
				599F3A091690071D006397CB /* backButtom@2x.png in Resources */,
				599F3A0C16900CBF006397CB /* rootbackground.png in Resources */,
				599F3A0D16900CBF006397CB /* rootbackground@2x.png in Resources */,
				59AE4CFF16996DAF007D7C99 /* SinaWeibo.bundle in Resources */,
			);
			runOnlyForDeploymentPostprocessing = 0;
		};
/* End PBXResourcesBuildPhase section */

/* Begin PBXSourcesBuildPhase section */
		263DFB1C1689346300C02B37 /* Sources */ = {
			isa = PBXSourcesBuildPhase;
			buildActionMask = 2147483647;
			files = (
				599F39F9168EF4BC006397CB /* MaRootViewController.m in Sources */,
				599F39FC168FFD4F006397CB /* MaSubItemController.m in Sources */,
				599F3A04169006A3006397CB /* UIBarButtonItem+StyledButton.m in Sources */,
				59AE4CEC16996D20007D7C99 /* magicappAppDelegate.m in Sources */,
				59AE4CEF16996D2D007D7C99 /* main.m in Sources */,
				59AE4CF216996D50007D7C99 /* MaDataSourceController.m in Sources */,
				59AE4CF616996D9F007D7C99 /* JSONKit.m in Sources */,
				59AE4D0016996DAF007D7C99 /* SinaWeibo.m in Sources */,
				59AE4D0116996DAF007D7C99 /* SinaWeiboAuthorizeView.m in Sources */,
				59AE4D0216996DAF007D7C99 /* SinaWeiboRequest.m in Sources */,
			);
			runOnlyForDeploymentPostprocessing = 0;
		};
/* End PBXSourcesBuildPhase section */

/* Begin PBXVariantGroup section */
		263DFB2D1689346300C02B37 /* InfoPlist.strings */ = {
			isa = PBXVariantGroup;
			children = (
				263DFB2E1689346300C02B37 /* en */,
			);
			name = InfoPlist.strings;
			sourceTree = "<group>";
		};
/* End PBXVariantGroup section */

/* Begin XCBuildConfiguration section */
		263DFB3C1689346300C02B37 /* Debug */ = {
			isa = XCBuildConfiguration;
			buildSettings = {
				ALWAYS_SEARCH_USER_PATHS = NO;
				CLANG_CXX_LANGUAGE_STANDARD = "gnu++0x";
				CLANG_CXX_LIBRARY = "libc++";
				CLANG_ENABLE_OBJC_ARC = YES;
				CLANG_WARN_EMPTY_BODY = YES;
				CLANG_WARN__DUPLICATE_METHOD_MATCH = YES;
				"CODE_SIGN_IDENTITY[sdk=iphoneos*]" = "iPhone Developer";
				COPY_PHASE_STRIP = NO;
				GCC_C_LANGUAGE_STANDARD = gnu99;
				GCC_DYNAMIC_NO_PIC = NO;
				GCC_OPTIMIZATION_LEVEL = 0;
				GCC_PREPROCESSOR_DEFINITIONS = (
					"DEBUG=1",
					"$(inherited)",
				);
				GCC_SYMBOLS_PRIVATE_EXTERN = NO;
				GCC_WARN_ABOUT_RETURN_TYPE = YES;
				GCC_WARN_UNINITIALIZED_AUTOS = YES;
				GCC_WARN_UNUSED_VARIABLE = YES;
				IPHONEOS_DEPLOYMENT_TARGET = 6.0;
				ONLY_ACTIVE_ARCH = YES;
				SDKROOT = iphoneos;
			};
			name = Debug;
		};
		263DFB3D1689346300C02B37 /* Release */ = {
			isa = XCBuildConfiguration;
			buildSettings = {
				ALWAYS_SEARCH_USER_PATHS = NO;
				CLANG_CXX_LANGUAGE_STANDARD = "gnu++0x";
				CLANG_CXX_LIBRARY = "libc++";
				CLANG_ENABLE_OBJC_ARC = YES;
				CLANG_WARN_EMPTY_BODY = YES;
				CLANG_WARN__DUPLICATE_METHOD_MATCH = YES;
				"CODE_SIGN_IDENTITY[sdk=iphoneos*]" = "iPhone Developer";
				COPY_PHASE_STRIP = YES;
				GCC_C_LANGUAGE_STANDARD = gnu99;
				GCC_WARN_ABOUT_RETURN_TYPE = YES;
				GCC_WARN_UNINITIALIZED_AUTOS = YES;
				GCC_WARN_UNUSED_VARIABLE = YES;
				IPHONEOS_DEPLOYMENT_TARGET = 6.0;
				OTHER_CFLAGS = "-DNS_BLOCK_ASSERTIONS=1";
				SDKROOT = iphoneos;
				VALIDATE_PRODUCT = YES;
			};
			name = Release;
		};
		263DFB3F1689346300C02B37 /* Debug */ = {
			isa = XCBuildConfiguration;
			buildSettings = {
				GCC_PRECOMPILE_PREFIX_HEADER = YES;
				GCC_PREFIX_HEADER = "MoreCafe/MoreCafe-Prefix.pch";
				INFOPLIST_FILE = "MoreCafe/MoreCafe-Info.plist";
				PRODUCT_NAME = "$(TARGET_NAME)";
				WRAPPER_EXTENSION = app;
			};
			name = Debug;
		};
		263DFB401689346300C02B37 /* Release */ = {
			isa = XCBuildConfiguration;
			buildSettings = {
				GCC_PRECOMPILE_PREFIX_HEADER = YES;
				GCC_PREFIX_HEADER = "MoreCafe/MoreCafe-Prefix.pch";
				INFOPLIST_FILE = "MoreCafe/MoreCafe-Info.plist";
				PRODUCT_NAME = "$(TARGET_NAME)";
				WRAPPER_EXTENSION = app;
			};
			name = Release;
		};
/* End XCBuildConfiguration section */

/* Begin XCConfigurationList section */
		263DFB1A1689346300C02B37 /* Build configuration list for PBXProject "MoreCafe" */ = {
			isa = XCConfigurationList;
			buildConfigurations = (
				263DFB3C1689346300C02B37 /* Debug */,
				263DFB3D1689346300C02B37 /* Release */,
			);
			defaultConfigurationIsVisible = 0;
			defaultConfigurationName = Release;
		};
		263DFB3E1689346300C02B37 /* Build configuration list for PBXNativeTarget "MoreCafe" */ = {
			isa = XCConfigurationList;
			buildConfigurations = (
				263DFB3F1689346300C02B37 /* Debug */,
				263DFB401689346300C02B37 /* Release */,
			);
			defaultConfigurationIsVisible = 0;
			defaultConfigurationName = Release;
		};
/* End XCConfigurationList section */
	};
	rootObject = 263DFB171689346300C02B37 /* Project object */;
}
